{
  "originHash" : "35a22f97d054f6cb2247d197fb405a732a939c172fb5a33a774adb3c94f85b78",
  "pins" : [
    {
      "identity" : "keychainaccess",
      "kind" : "remoteSourceControl",
      "location" : "https://github.com/kishikawakatsumi/KeychainAccess",
      "state" : {
        "branch" : "master",
        "revision" : "e0c7eebc5a4465a3c4680764f26b7a61f567cdaf"
      }
    },
    {
      "identity" : "slashcommands",
      "kind" : "remoteSourceControl",
      "location" : "https://github.com/MiaKoring/SlashCommands.git",
      "state" : {
        "branch" : "main",
        "revision" : "0918aecbfc492ef46eddab657e736c40d4bc3ae9"
      }
    }
  ],
  "version" : 3
}
