{
  "originHash" : "9c8dc2e33facbac3b7c94b4d45cd0986c208ca2138d35560197a90e4f54bf23f",
  "pins" : [
    {
      "identity" : "keychainaccess",
      "kind" : "remoteSourceControl",
      "location" : "https://github.com/kishikawakatsumi/KeychainAccess",
      "state" : {
        "branch" : "master",
        "revision" : "e0c7eebc5a4465a3c4680764f26b7a61f567cdaf"
      }
    },
    {
      "identity" : "realm-core",
      "kind" : "remoteSourceControl",
      "location" : "https://github.com/realm/realm-core.git",
      "state" : {
        "revision" : "058ecce712b4be8b2a2384ed893bf83d56a49fc0",
        "version" : "14.10.1"
      }
    },
    {
      "identity" : "realm-swift",
      "kind" : "remoteSourceControl",
      "location" : "https://github.com/realm/realm-swift.git",
      "state" : {
        "revision" : "fb903a9c901cb7863953fdcb5182b05ca2275b27",
        "version" : "10.52.0"
      }
    },
    {
      "identity" : "slashcommands",
      "kind" : "remoteSourceControl",
      "location" : "https://github.com/MiaKoring/SlashCommands.git",
      "state" : {
        "revision" : "0a1b66acb77a5e29e467843c7e21118a73832593",
        "version" : "2.0.0"
      }
    },
    {
      "identity" : "swiftchameleon",
      "kind" : "remoteSourceControl",
      "location" : "https://github.com/simon-zwicker/SwiftChameleon",
      "state" : {
        "branch" : "main",
        "revision" : "2b5f3523938a4b3b0962e8c788d9afe193bcdb04"
      }
    }
  ],
  "version" : 3
}
