// !$*UTF8*$!
{
	archiveVersion = 1;
	classes = {
	};
	objectVersion = 56;
	objects = {

/* Begin PBXBuildFile section */
		140DD9B72B42EE0F00302447 /* Music.swift in Sources */ = {isa = PBXBuildFile; fileRef = 140DD9B62B42EE0F00302447 /* Music.swift */; };
		14469B502B40937300835BFC /* MessengerBetaApp.swift in Sources */ = {isa = PBXBuildFile; fileRef = 14469B4F2B40937300835BFC /* MessengerBetaApp.swift */; };
		14469B522B40937300835BFC /* ChatView .swift in Sources */ = {isa = PBXBuildFile; fileRef = 14469B512B40937300835BFC /* ChatView .swift */; };
		14469B542B40937300835BFC /* Item.swift in Sources */ = {isa = PBXBuildFile; fileRef = 14469B532B40937300835BFC /* Item.swift */; };
		14469B562B40937500835BFC /* Assets.xcassets in Resources */ = {isa = PBXBuildFile; fileRef = 14469B552B40937500835BFC /* Assets.xcassets */; };
		14469B592B40937500835BFC /* Preview Assets.xcassets in Resources */ = {isa = PBXBuildFile; fileRef = 14469B582B40937500835BFC /* Preview Assets.xcassets */; };
		145899102B4D8F4800A3C836 /* DateHandler.swift in Sources */ = {isa = PBXBuildFile; fileRef = 1458990F2B4D8F4800A3C836 /* DateHandler.swift */; };
		145899122B4D91C100A3C836 /* Ternary.swift in Sources */ = {isa = PBXBuildFile; fileRef = 145899112B4D91C100A3C836 /* Ternary.swift */; };
		148FC7C52B44016C007E3546 /* JetBrainsMono-Bold.ttf in Resources */ = {isa = PBXBuildFile; fileRef = 148FC7A62B440137007E3546 /* JetBrainsMono-Bold.ttf */; };
		148FC7C62B44016C007E3546 /* JetBrainsMono-Italic.ttf in Resources */ = {isa = PBXBuildFile; fileRef = 148FC7A72B440137007E3546 /* JetBrainsMono-Italic.ttf */; };
		148FC7C72B44016C007E3546 /* JetBrainsMono-Regular.ttf in Resources */ = {isa = PBXBuildFile; fileRef = 148FC7A92B440137007E3546 /* JetBrainsMono-Regular.ttf */; };
		148FC7C82B44016C007E3546 /* JetBrainsMonoNL-BoldItalic.ttf in Resources */ = {isa = PBXBuildFile; fileRef = 148FC7B12B440137007E3546 /* JetBrainsMonoNL-BoldItalic.ttf */; };
		148FC7C92B4401FD007E3546 /* JetBrainsMono-Thin.ttf in Resources */ = {isa = PBXBuildFile; fileRef = 148FC7A52B440137007E3546 /* JetBrainsMono-Thin.ttf */; };
		14BD726B2B4A3AD800334D69 /* Localizable.strings in Resources */ = {isa = PBXBuildFile; fileRef = 14BD726D2B4A3AD800334D69 /* Localizable.strings */; };
		14DC8B382B4AE5CB009ED309 /* MessageViews.swift in Sources */ = {isa = PBXBuildFile; fileRef = 14DC8B372B4AE5CB009ED309 /* MessageViews.swift */; };
		14DC8B3A2B4AE637009ED309 /* BottomCard.swift in Sources */ = {isa = PBXBuildFile; fileRef = 14DC8B392B4AE637009ED309 /* BottomCard.swift */; };
		14DC8B3C2B4AE686009ED309 /* ReactionsCard.swift in Sources */ = {isa = PBXBuildFile; fileRef = 14DC8B3B2B4AE686009ED309 /* ReactionsCard.swift */; };
		14DC8B3E2B4AE6AC009ED309 /* MessageView.swift in Sources */ = {isa = PBXBuildFile; fileRef = 14DC8B3D2B4AE6AC009ED309 /* MessageView.swift */; };
		14E0180A2B4CB2D200A6E379 /* Message.swift in Sources */ = {isa = PBXBuildFile; fileRef = 14E018092B4CB2D200A6E379 /* Message.swift */; };
		14E0180C2B4CB32500A6E379 /* Chat.swift in Sources */ = {isa = PBXBuildFile; fileRef = 14E0180B2B4CB32500A6E379 /* Chat.swift */; };
/* End PBXBuildFile section */

/* Begin PBXFileReference section */
		140DD9B62B42EE0F00302447 /* Music.swift */ = {isa = PBXFileReference; lastKnownFileType = sourcecode.swift; path = Music.swift; sourceTree = "<group>"; };
		14469B4C2B40937300835BFC /* MessengerBeta.app */ = {isa = PBXFileReference; explicitFileType = wrapper.application; includeInIndex = 0; path = MessengerBeta.app; sourceTree = BUILT_PRODUCTS_DIR; };
		14469B4F2B40937300835BFC /* MessengerBetaApp.swift */ = {isa = PBXFileReference; lastKnownFileType = sourcecode.swift; path = MessengerBetaApp.swift; sourceTree = "<group>"; };
		14469B512B40937300835BFC /* ChatView .swift */ = {isa = PBXFileReference; lastKnownFileType = sourcecode.swift; path = "ChatView .swift"; sourceTree = "<group>"; };
		14469B532B40937300835BFC /* Item.swift */ = {isa = PBXFileReference; lastKnownFileType = sourcecode.swift; path = Item.swift; sourceTree = "<group>"; };
		14469B552B40937500835BFC /* Assets.xcassets */ = {isa = PBXFileReference; lastKnownFileType = folder.assetcatalog; path = Assets.xcassets; sourceTree = "<group>"; };
		14469B582B40937500835BFC /* Preview Assets.xcassets */ = {isa = PBXFileReference; lastKnownFileType = folder.assetcatalog; path = "Preview Assets.xcassets"; sourceTree = "<group>"; };
		1458990F2B4D8F4800A3C836 /* DateHandler.swift */ = {isa = PBXFileReference; lastKnownFileType = sourcecode.swift; path = DateHandler.swift; sourceTree = "<group>"; };
		145899112B4D91C100A3C836 /* Ternary.swift */ = {isa = PBXFileReference; lastKnownFileType = sourcecode.swift; path = Ternary.swift; sourceTree = "<group>"; };
		1473EA0F2B40D0D900667053 /* Info.plist */ = {isa = PBXFileReference; lastKnownFileType = text.plist; path = Info.plist; sourceTree = "<group>"; };
		148FC7A52B440137007E3546 /* JetBrainsMono-Thin.ttf */ = {isa = PBXFileReference; lastKnownFileType = text; path = "JetBrainsMono-Thin.ttf"; sourceTree = "<group>"; };
		148FC7A62B440137007E3546 /* JetBrainsMono-Bold.ttf */ = {isa = PBXFileReference; lastKnownFileType = text; path = "JetBrainsMono-Bold.ttf"; sourceTree = "<group>"; };
		148FC7A72B440137007E3546 /* JetBrainsMono-Italic.ttf */ = {isa = PBXFileReference; lastKnownFileType = text; path = "JetBrainsMono-Italic.ttf"; sourceTree = "<group>"; };
		148FC7A82B440137007E3546 /* JetBrainsMono-LightItalic.ttf */ = {isa = PBXFileReference; lastKnownFileType = text; path = "JetBrainsMono-LightItalic.ttf"; sourceTree = "<group>"; };
		148FC7A92B440137007E3546 /* JetBrainsMono-Regular.ttf */ = {isa = PBXFileReference; lastKnownFileType = text; path = "JetBrainsMono-Regular.ttf"; sourceTree = "<group>"; };
		148FC7AA2B440137007E3546 /* JetBrainsMonoNL-ExtraLightItalic.ttf */ = {isa = PBXFileReference; lastKnownFileType = text; path = "JetBrainsMonoNL-ExtraLightItalic.ttf"; sourceTree = "<group>"; };
		148FC7AB2B440137007E3546 /* JetBrainsMono-ExtraLightItalic.ttf */ = {isa = PBXFileReference; lastKnownFileType = text; path = "JetBrainsMono-ExtraLightItalic.ttf"; sourceTree = "<group>"; };
		148FC7AC2B440137007E3546 /* JetBrainsMonoNL-ExtraLight.ttf */ = {isa = PBXFileReference; lastKnownFileType = text; path = "JetBrainsMonoNL-ExtraLight.ttf"; sourceTree = "<group>"; };
		148FC7AD2B440137007E3546 /* JetBrainsMonoNL-MediumItalic.ttf */ = {isa = PBXFileReference; lastKnownFileType = text; path = "JetBrainsMonoNL-MediumItalic.ttf"; sourceTree = "<group>"; };
		148FC7AE2B440137007E3546 /* JetBrainsMonoNL-ThinItalic.ttf */ = {isa = PBXFileReference; lastKnownFileType = text; path = "JetBrainsMonoNL-ThinItalic.ttf"; sourceTree = "<group>"; };
		148FC7AF2B440137007E3546 /* JetBrainsMonoNL-Light.ttf */ = {isa = PBXFileReference; lastKnownFileType = text; path = "JetBrainsMonoNL-Light.ttf"; sourceTree = "<group>"; };
		148FC7B02B440137007E3546 /* JetBrainsMonoNL-Italic.ttf */ = {isa = PBXFileReference; lastKnownFileType = text; path = "JetBrainsMonoNL-Italic.ttf"; sourceTree = "<group>"; };
		148FC7B12B440137007E3546 /* JetBrainsMonoNL-BoldItalic.ttf */ = {isa = PBXFileReference; lastKnownFileType = text; path = "JetBrainsMonoNL-BoldItalic.ttf"; sourceTree = "<group>"; };
		148FC7B22B440137007E3546 /* JetBrainsMonoNL-SemiBold.ttf */ = {isa = PBXFileReference; lastKnownFileType = text; path = "JetBrainsMonoNL-SemiBold.ttf"; sourceTree = "<group>"; };
		148FC7B32B440137007E3546 /* JetBrainsMono-SemiBoldItalic.ttf */ = {isa = PBXFileReference; lastKnownFileType = text; path = "JetBrainsMono-SemiBoldItalic.ttf"; sourceTree = "<group>"; };
		148FC7B42B440137007E3546 /* JetBrainsMonoNL-LightItalic.ttf */ = {isa = PBXFileReference; lastKnownFileType = text; path = "JetBrainsMonoNL-LightItalic.ttf"; sourceTree = "<group>"; };
		148FC7B52B440137007E3546 /* JetBrainsMono-Light.ttf */ = {isa = PBXFileReference; lastKnownFileType = text; path = "JetBrainsMono-Light.ttf"; sourceTree = "<group>"; };
		148FC7B62B440137007E3546 /* JetBrainsMono-MediumItalic.ttf */ = {isa = PBXFileReference; lastKnownFileType = text; path = "JetBrainsMono-MediumItalic.ttf"; sourceTree = "<group>"; };
		148FC7B72B440137007E3546 /* JetBrainsMono-ExtraBold.ttf */ = {isa = PBXFileReference; lastKnownFileType = text; path = "JetBrainsMono-ExtraBold.ttf"; sourceTree = "<group>"; };
		148FC7B82B440137007E3546 /* JetBrainsMono-SemiBold.ttf */ = {isa = PBXFileReference; lastKnownFileType = text; path = "JetBrainsMono-SemiBold.ttf"; sourceTree = "<group>"; };
		148FC7B92B440137007E3546 /* JetBrainsMonoNL-Regular.ttf */ = {isa = PBXFileReference; lastKnownFileType = text; path = "JetBrainsMonoNL-Regular.ttf"; sourceTree = "<group>"; };
		148FC7BA2B440137007E3546 /* JetBrainsMonoNL-Medium.ttf */ = {isa = PBXFileReference; lastKnownFileType = text; path = "JetBrainsMonoNL-Medium.ttf"; sourceTree = "<group>"; };
		148FC7BB2B440137007E3546 /* JetBrainsMonoNL-Thin.ttf */ = {isa = PBXFileReference; lastKnownFileType = text; path = "JetBrainsMonoNL-Thin.ttf"; sourceTree = "<group>"; };
		148FC7BC2B440137007E3546 /* JetBrainsMonoNL-SemiBoldItalic.ttf */ = {isa = PBXFileReference; lastKnownFileType = text; path = "JetBrainsMonoNL-SemiBoldItalic.ttf"; sourceTree = "<group>"; };
		148FC7BD2B440137007E3546 /* JetBrainsMonoNL-ExtraBoldItalic.ttf */ = {isa = PBXFileReference; lastKnownFileType = text; path = "JetBrainsMonoNL-ExtraBoldItalic.ttf"; sourceTree = "<group>"; };
		148FC7BE2B440137007E3546 /* JetBrainsMono-ExtraBoldItalic.ttf */ = {isa = PBXFileReference; lastKnownFileType = text; path = "JetBrainsMono-ExtraBoldItalic.ttf"; sourceTree = "<group>"; };
		148FC7BF2B440137007E3546 /* JetBrainsMono-ThinItalic.ttf */ = {isa = PBXFileReference; lastKnownFileType = text; path = "JetBrainsMono-ThinItalic.ttf"; sourceTree = "<group>"; };
		148FC7C02B440137007E3546 /* JetBrainsMonoNL-ExtraBold.ttf */ = {isa = PBXFileReference; lastKnownFileType = text; path = "JetBrainsMonoNL-ExtraBold.ttf"; sourceTree = "<group>"; };
		148FC7C12B440137007E3546 /* JetBrainsMono-ExtraLight.ttf */ = {isa = PBXFileReference; lastKnownFileType = text; path = "JetBrainsMono-ExtraLight.ttf"; sourceTree = "<group>"; };
		148FC7C22B440137007E3546 /* JetBrainsMono-Medium.ttf */ = {isa = PBXFileReference; lastKnownFileType = text; path = "JetBrainsMono-Medium.ttf"; sourceTree = "<group>"; };
		148FC7C32B440137007E3546 /* JetBrainsMono-BoldItalic.ttf */ = {isa = PBXFileReference; lastKnownFileType = text; path = "JetBrainsMono-BoldItalic.ttf"; sourceTree = "<group>"; };
		148FC7C42B440137007E3546 /* JetBrainsMonoNL-Bold.ttf */ = {isa = PBXFileReference; lastKnownFileType = text; path = "JetBrainsMonoNL-Bold.ttf"; sourceTree = "<group>"; };
		14BD726C2B4A3AD800334D69 /* en */ = {isa = PBXFileReference; lastKnownFileType = text.plist.strings; name = en; path = en.lproj/Localizable.strings; sourceTree = "<group>"; };
		14BD72732B4A3B1100334D69 /* de */ = {isa = PBXFileReference; lastKnownFileType = text.plist.strings; name = de; path = de.lproj/Localizable.strings; sourceTree = "<group>"; };
		14DC8B372B4AE5CB009ED309 /* MessageViews.swift */ = {isa = PBXFileReference; lastKnownFileType = sourcecode.swift; path = MessageViews.swift; sourceTree = "<group>"; };
		14DC8B392B4AE637009ED309 /* BottomCard.swift */ = {isa = PBXFileReference; lastKnownFileType = sourcecode.swift; path = BottomCard.swift; sourceTree = "<group>"; };
		14DC8B3B2B4AE686009ED309 /* ReactionsCard.swift */ = {isa = PBXFileReference; lastKnownFileType = sourcecode.swift; path = ReactionsCard.swift; sourceTree = "<group>"; };
		14DC8B3D2B4AE6AC009ED309 /* MessageView.swift */ = {isa = PBXFileReference; lastKnownFileType = sourcecode.swift; path = MessageView.swift; sourceTree = "<group>"; };
		14E018092B4CB2D200A6E379 /* Message.swift */ = {isa = PBXFileReference; lastKnownFileType = sourcecode.swift; path = Message.swift; sourceTree = "<group>"; };
		14E0180B2B4CB32500A6E379 /* Chat.swift */ = {isa = PBXFileReference; lastKnownFileType = sourcecode.swift; path = Chat.swift; sourceTree = "<group>"; };
/* End PBXFileReference section */

/* Begin PBXFrameworksBuildPhase section */
		14469B492B40937300835BFC /* Frameworks */ = {
			isa = PBXFrameworksBuildPhase;
			buildActionMask = 2147483647;
			files = (
			);
			runOnlyForDeploymentPostprocessing = 0;
		};
/* End PBXFrameworksBuildPhase section */

/* Begin PBXGroup section */
		14469B432B40937300835BFC = {
			isa = PBXGroup;
			children = (
				14469B4E2B40937300835BFC /* MessengerBeta */,
				14469B4D2B40937300835BFC /* Products */,
			);
			sourceTree = "<group>";
		};
		14469B4D2B40937300835BFC /* Products */ = {
			isa = PBXGroup;
			children = (
				14469B4C2B40937300835BFC /* MessengerBeta.app */,
			);
			name = Products;
			sourceTree = "<group>";
		};
		14469B4E2B40937300835BFC /* MessengerBeta */ = {
			isa = PBXGroup;
			children = (
				1473EA0F2B40D0D900667053 /* Info.plist */,
				14469B4F2B40937300835BFC /* MessengerBetaApp.swift */,
				140DD9B62B42EE0F00302447 /* Music.swift */,
				14469B532B40937300835BFC /* Item.swift */,
				14469B552B40937500835BFC /* Assets.xcassets */,
				14E018082B4CB26500A6E379 /* Model */,
				14DC8B362B4AE5A3009ED309 /* View */,
				1458990E2B4D8F1F00A3C836 /* Controller */,
				14BD72682B4A37CC00334D69 /* MultiLanguage */,
				148FC7A42B440137007E3546 /* ttf */,
				14469B572B40937500835BFC /* Preview Content */,
			);
			path = MessengerBeta;
			sourceTree = "<group>";
		};
		14469B572B40937500835BFC /* Preview Content */ = {
			isa = PBXGroup;
			children = (
				14469B582B40937500835BFC /* Preview Assets.xcassets */,
			);
			path = "Preview Content";
			sourceTree = "<group>";
		};
		1458990E2B4D8F1F00A3C836 /* Controller */ = {
			isa = PBXGroup;
			children = (
				1458990F2B4D8F4800A3C836 /* DateHandler.swift */,
				145899112B4D91C100A3C836 /* Ternary.swift */,
			);
			path = Controller;
			sourceTree = "<group>";
		};
		148FC7A42B440137007E3546 /* ttf */ = {
			isa = PBXGroup;
			children = (
				148FC7A52B440137007E3546 /* JetBrainsMono-Thin.ttf */,
				148FC7A62B440137007E3546 /* JetBrainsMono-Bold.ttf */,
				148FC7A72B440137007E3546 /* JetBrainsMono-Italic.ttf */,
				148FC7A82B440137007E3546 /* JetBrainsMono-LightItalic.ttf */,
				148FC7A92B440137007E3546 /* JetBrainsMono-Regular.ttf */,
				148FC7AA2B440137007E3546 /* JetBrainsMonoNL-ExtraLightItalic.ttf */,
				148FC7AB2B440137007E3546 /* JetBrainsMono-ExtraLightItalic.ttf */,
				148FC7AC2B440137007E3546 /* JetBrainsMonoNL-ExtraLight.ttf */,
				148FC7AD2B440137007E3546 /* JetBrainsMonoNL-MediumItalic.ttf */,
				148FC7AE2B440137007E3546 /* JetBrainsMonoNL-ThinItalic.ttf */,
				148FC7AF2B440137007E3546 /* JetBrainsMonoNL-Light.ttf */,
				148FC7B02B440137007E3546 /* JetBrainsMonoNL-Italic.ttf */,
				148FC7B12B440137007E3546 /* JetBrainsMonoNL-BoldItalic.ttf */,
				148FC7B22B440137007E3546 /* JetBrainsMonoNL-SemiBold.ttf */,
				148FC7B32B440137007E3546 /* JetBrainsMono-SemiBoldItalic.ttf */,
				148FC7B42B440137007E3546 /* JetBrainsMonoNL-LightItalic.ttf */,
				148FC7B52B440137007E3546 /* JetBrainsMono-Light.ttf */,
				148FC7B62B440137007E3546 /* JetBrainsMono-MediumItalic.ttf */,
				148FC7B72B440137007E3546 /* JetBrainsMono-ExtraBold.ttf */,
				148FC7B82B440137007E3546 /* JetBrainsMono-SemiBold.ttf */,
				148FC7B92B440137007E3546 /* JetBrainsMonoNL-Regular.ttf */,
				148FC7BA2B440137007E3546 /* JetBrainsMonoNL-Medium.ttf */,
				148FC7BB2B440137007E3546 /* JetBrainsMonoNL-Thin.ttf */,
				148FC7BC2B440137007E3546 /* JetBrainsMonoNL-SemiBoldItalic.ttf */,
				148FC7BD2B440137007E3546 /* JetBrainsMonoNL-ExtraBoldItalic.ttf */,
				148FC7BE2B440137007E3546 /* JetBrainsMono-ExtraBoldItalic.ttf */,
				148FC7BF2B440137007E3546 /* JetBrainsMono-ThinItalic.ttf */,
				148FC7C02B440137007E3546 /* JetBrainsMonoNL-ExtraBold.ttf */,
				148FC7C12B440137007E3546 /* JetBrainsMono-ExtraLight.ttf */,
				148FC7C22B440137007E3546 /* JetBrainsMono-Medium.ttf */,
				148FC7C32B440137007E3546 /* JetBrainsMono-BoldItalic.ttf */,
				148FC7C42B440137007E3546 /* JetBrainsMonoNL-Bold.ttf */,
			);
			path = ttf;
			sourceTree = "<group>";
		};
		14BD72682B4A37CC00334D69 /* MultiLanguage */ = {
			isa = PBXGroup;
			children = (
				14BD726D2B4A3AD800334D69 /* Localizable.strings */,
			);
			path = MultiLanguage;
			sourceTree = "<group>";
		};
		14DC8B362B4AE5A3009ED309 /* View */ = {
			isa = PBXGroup;
			children = (
				14469B512B40937300835BFC /* ChatView .swift */,
				14DC8B372B4AE5CB009ED309 /* MessageViews.swift */,
				14DC8B392B4AE637009ED309 /* BottomCard.swift */,
				14DC8B3B2B4AE686009ED309 /* ReactionsCard.swift */,
				14DC8B3D2B4AE6AC009ED309 /* MessageView.swift */,
			);
			path = View;
			sourceTree = "<group>";
		};
		14E018082B4CB26500A6E379 /* Model */ = {
			isa = PBXGroup;
			children = (
				14E0180B2B4CB32500A6E379 /* Chat.swift */,
				14E018092B4CB2D200A6E379 /* Message.swift */,
			);
			path = Model;
			sourceTree = "<group>";
		};
/* End PBXGroup section */

/* Begin PBXNativeTarget section */
		14469B4B2B40937300835BFC /* MessengerBeta */ = {
			isa = PBXNativeTarget;
			buildConfigurationList = 14469B5C2B40937500835BFC /* Build configuration list for PBXNativeTarget "MessengerBeta" */;
			buildPhases = (
				14469B482B40937300835BFC /* Sources */,
				14469B492B40937300835BFC /* Frameworks */,
				14469B4A2B40937300835BFC /* Resources */,
			);
			buildRules = (
			);
			dependencies = (
			);
			name = MessengerBeta;
			productName = MessengerBeta;
			productReference = 14469B4C2B40937300835BFC /* MessengerBeta.app */;
			productType = "com.apple.product-type.application";
		};
/* End PBXNativeTarget section */

/* Begin PBXProject section */
		14469B442B40937300835BFC /* Project object */ = {
			isa = PBXProject;
			attributes = {
				BuildIndependentTargetsInParallel = 1;
				LastSwiftUpdateCheck = 1500;
				LastUpgradeCheck = 1500;
				TargetAttributes = {
					14469B4B2B40937300835BFC = {
						CreatedOnToolsVersion = 15.0.1;
					};
				};
			};
			buildConfigurationList = 14469B472B40937300835BFC /* Build configuration list for PBXProject "MessengerBeta" */;
			compatibilityVersion = "Xcode 14.0";
			developmentRegion = en;
			hasScannedForEncodings = 0;
			knownRegions = (
				en,
				de,
			);
			mainGroup = 14469B432B40937300835BFC;
			productRefGroup = 14469B4D2B40937300835BFC /* Products */;
			projectDirPath = "";
			projectRoot = "";
			targets = (
				14469B4B2B40937300835BFC /* MessengerBeta */,
			);
		};
/* End PBXProject section */

/* Begin PBXResourcesBuildPhase section */
		14469B4A2B40937300835BFC /* Resources */ = {
			isa = PBXResourcesBuildPhase;
			buildActionMask = 2147483647;
			files = (
				148FC7C92B4401FD007E3546 /* JetBrainsMono-Thin.ttf in Resources */,
				148FC7C52B44016C007E3546 /* JetBrainsMono-Bold.ttf in Resources */,
				148FC7C62B44016C007E3546 /* JetBrainsMono-Italic.ttf in Resources */,
				148FC7C72B44016C007E3546 /* JetBrainsMono-Regular.ttf in Resources */,
				148FC7C82B44016C007E3546 /* JetBrainsMonoNL-BoldItalic.ttf in Resources */,
				14BD726B2B4A3AD800334D69 /* Localizable.strings in Resources */,
				14469B592B40937500835BFC /* Preview Assets.xcassets in Resources */,
				14469B562B40937500835BFC /* Assets.xcassets in Resources */,
			);
			runOnlyForDeploymentPostprocessing = 0;
		};
/* End PBXResourcesBuildPhase section */

/* Begin PBXSourcesBuildPhase section */
		14469B482B40937300835BFC /* Sources */ = {
			isa = PBXSourcesBuildPhase;
			buildActionMask = 2147483647;
			files = (
				14469B522B40937300835BFC /* ChatView .swift in Sources */,
				145899122B4D91C100A3C836 /* Ternary.swift in Sources */,
				14469B542B40937300835BFC /* Item.swift in Sources */,
				14DC8B3C2B4AE686009ED309 /* ReactionsCard.swift in Sources */,
				14E0180C2B4CB32500A6E379 /* Chat.swift in Sources */,
				14E0180A2B4CB2D200A6E379 /* Message.swift in Sources */,
				145899102B4D8F4800A3C836 /* DateHandler.swift in Sources */,
				14DC8B3A2B4AE637009ED309 /* BottomCard.swift in Sources */,
				14DC8B3E2B4AE6AC009ED309 /* MessageView.swift in Sources */,
				14DC8B382B4AE5CB009ED309 /* MessageViews.swift in Sources */,
				14469B502B40937300835BFC /* MessengerBetaApp.swift in Sources */,
				140DD9B72B42EE0F00302447 /* Music.swift in Sources */,
			);
			runOnlyForDeploymentPostprocessing = 0;
		};
/* End PBXSourcesBuildPhase section */

/* Begin PBXVariantGroup section */
		14BD726D2B4A3AD800334D69 /* Localizable.strings */ = {
			isa = PBXVariantGroup;
			children = (
				14BD726C2B4A3AD800334D69 /* en */,
				14BD72732B4A3B1100334D69 /* de */,
			);
			name = Localizable.strings;
			sourceTree = "<group>";
		};
/* End PBXVariantGroup section */

/* Begin XCBuildConfiguration section */
		14469B5A2B40937500835BFC /* Debug */ = {
			isa = XCBuildConfiguration;
			buildSettings = {
				ALWAYS_SEARCH_USER_PATHS = NO;
				ASSETCATALOG_COMPILER_GENERATE_SWIFT_ASSET_SYMBOL_EXTENSIONS = YES;
				CLANG_ANALYZER_NONNULL = YES;
				CLANG_ANALYZER_NUMBER_OBJECT_CONVERSION = YES_AGGRESSIVE;
				CLANG_CXX_LANGUAGE_STANDARD = "gnu++20";
				CLANG_ENABLE_MODULES = YES;
				CLANG_ENABLE_OBJC_ARC = YES;
				CLANG_ENABLE_OBJC_WEAK = YES;
				CLANG_WARN_BLOCK_CAPTURE_AUTORELEASING = YES;
				CLANG_WARN_BOOL_CONVERSION = YES;
				CLANG_WARN_COMMA = YES;
				CLANG_WARN_CONSTANT_CONVERSION = YES;
				CLANG_WARN_DEPRECATED_OBJC_IMPLEMENTATIONS = YES;
				CLANG_WARN_DIRECT_OBJC_ISA_USAGE = YES_ERROR;
				CLANG_WARN_DOCUMENTATION_COMMENTS = YES;
				CLANG_WARN_EMPTY_BODY = YES;
				CLANG_WARN_ENUM_CONVERSION = YES;
				CLANG_WARN_INFINITE_RECURSION = YES;
				CLANG_WARN_INT_CONVERSION = YES;
				CLANG_WARN_NON_LITERAL_NULL_CONVERSION = YES;
				CLANG_WARN_OBJC_IMPLICIT_RETAIN_SELF = YES;
				CLANG_WARN_OBJC_LITERAL_CONVERSION = YES;
				CLANG_WARN_OBJC_ROOT_CLASS = YES_ERROR;
				CLANG_WARN_QUOTED_INCLUDE_IN_FRAMEWORK_HEADER = YES;
				CLANG_WARN_RANGE_LOOP_ANALYSIS = YES;
				CLANG_WARN_STRICT_PROTOTYPES = YES;
				CLANG_WARN_SUSPICIOUS_MOVE = YES;
				CLANG_WARN_UNGUARDED_AVAILABILITY = YES_AGGRESSIVE;
				CLANG_WARN_UNREACHABLE_CODE = YES;
				CLANG_WARN__DUPLICATE_METHOD_MATCH = YES;
				COPY_PHASE_STRIP = NO;
				DEBUG_INFORMATION_FORMAT = dwarf;
				ENABLE_STRICT_OBJC_MSGSEND = YES;
				ENABLE_TESTABILITY = YES;
				ENABLE_USER_SCRIPT_SANDBOXING = YES;
				GCC_C_LANGUAGE_STANDARD = gnu17;
				GCC_DYNAMIC_NO_PIC = NO;
				GCC_NO_COMMON_BLOCKS = YES;
				GCC_OPTIMIZATION_LEVEL = 0;
				GCC_PREPROCESSOR_DEFINITIONS = (
					"DEBUG=1",
					"$(inherited)",
				);
				GCC_WARN_64_TO_32_BIT_CONVERSION = YES;
				GCC_WARN_ABOUT_RETURN_TYPE = YES_ERROR;
				GCC_WARN_UNDECLARED_SELECTOR = YES;
				GCC_WARN_UNINITIALIZED_AUTOS = YES_AGGRESSIVE;
				GCC_WARN_UNUSED_FUNCTION = YES;
				GCC_WARN_UNUSED_VARIABLE = YES;
				INFOPLIST_KEY_UIRequiresFullScreen = NO;
				IPHONEOS_DEPLOYMENT_TARGET = 17.0;
				LOCALIZATION_PREFERS_STRING_CATALOGS = YES;
				MTL_ENABLE_DEBUG_INFO = INCLUDE_SOURCE;
				MTL_FAST_MATH = YES;
				ONLY_ACTIVE_ARCH = YES;
				SDKROOT = iphoneos;
				SWIFT_ACTIVE_COMPILATION_CONDITIONS = "DEBUG $(inherited)";
				SWIFT_OPTIMIZATION_LEVEL = "-Onone";
			};
			name = Debug;
		};
		14469B5B2B40937500835BFC /* Release */ = {
			isa = XCBuildConfiguration;
			buildSettings = {
				ALWAYS_SEARCH_USER_PATHS = NO;
				ASSETCATALOG_COMPILER_GENERATE_SWIFT_ASSET_SYMBOL_EXTENSIONS = YES;
				CLANG_ANALYZER_NONNULL = YES;
				CLANG_ANALYZER_NUMBER_OBJECT_CONVERSION = YES_AGGRESSIVE;
				CLANG_CXX_LANGUAGE_STANDARD = "gnu++20";
				CLANG_ENABLE_MODULES = YES;
				CLANG_ENABLE_OBJC_ARC = YES;
				CLANG_ENABLE_OBJC_WEAK = YES;
				CLANG_WARN_BLOCK_CAPTURE_AUTORELEASING = YES;
				CLANG_WARN_BOOL_CONVERSION = YES;
				CLANG_WARN_COMMA = YES;
				CLANG_WARN_CONSTANT_CONVERSION = YES;
				CLANG_WARN_DEPRECATED_OBJC_IMPLEMENTATIONS = YES;
				CLANG_WARN_DIRECT_OBJC_ISA_USAGE = YES_ERROR;
				CLANG_WARN_DOCUMENTATION_COMMENTS = YES;
				CLANG_WARN_EMPTY_BODY = YES;
				CLANG_WARN_ENUM_CONVERSION = YES;
				CLANG_WARN_INFINITE_RECURSION = YES;
				CLANG_WARN_INT_CONVERSION = YES;
				CLANG_WARN_NON_LITERAL_NULL_CONVERSION = YES;
				CLANG_WARN_OBJC_IMPLICIT_RETAIN_SELF = YES;
				CLANG_WARN_OBJC_LITERAL_CONVERSION = YES;
				CLANG_WARN_OBJC_ROOT_CLASS = YES_ERROR;
				CLANG_WARN_QUOTED_INCLUDE_IN_FRAMEWORK_HEADER = YES;
				CLANG_WARN_RANGE_LOOP_ANALYSIS = YES;
				CLANG_WARN_STRICT_PROTOTYPES = YES;
				CLANG_WARN_SUSPICIOUS_MOVE = YES;
				CLANG_WARN_UNGUARDED_AVAILABILITY = YES_AGGRESSIVE;
				CLANG_WARN_UNREACHABLE_CODE = YES;
				CLANG_WARN__DUPLICATE_METHOD_MATCH = YES;
				COPY_PHASE_STRIP = NO;
				DEBUG_INFORMATION_FORMAT = "dwarf-with-dsym";
				ENABLE_NS_ASSERTIONS = NO;
				ENABLE_STRICT_OBJC_MSGSEND = YES;
				ENABLE_USER_SCRIPT_SANDBOXING = YES;
				GCC_C_LANGUAGE_STANDARD = gnu17;
				GCC_NO_COMMON_BLOCKS = YES;
				GCC_WARN_64_TO_32_BIT_CONVERSION = YES;
				GCC_WARN_ABOUT_RETURN_TYPE = YES_ERROR;
				GCC_WARN_UNDECLARED_SELECTOR = YES;
				GCC_WARN_UNINITIALIZED_AUTOS = YES_AGGRESSIVE;
				GCC_WARN_UNUSED_FUNCTION = YES;
				GCC_WARN_UNUSED_VARIABLE = YES;
				INFOPLIST_KEY_UIRequiresFullScreen = NO;
				IPHONEOS_DEPLOYMENT_TARGET = 17.0;
				LOCALIZATION_PREFERS_STRING_CATALOGS = YES;
				MTL_ENABLE_DEBUG_INFO = NO;
				MTL_FAST_MATH = YES;
				SDKROOT = iphoneos;
				SWIFT_COMPILATION_MODE = wholemodule;
				VALIDATE_PRODUCT = YES;
			};
			name = Release;
		};
		14469B5D2B40937500835BFC /* Debug */ = {
			isa = XCBuildConfiguration;
			buildSettings = {
				ASSETCATALOG_COMPILER_APPICON_NAME = AppIcon;
				ASSETCATALOG_COMPILER_GLOBAL_ACCENT_COLOR_NAME = AccentColor;
				CODE_SIGN_STYLE = Automatic;
				CURRENT_PROJECT_VERSION = 1;
				DEVELOPMENT_ASSET_PATHS = "\"MessengerBeta/Preview Content\"";
				DEVELOPMENT_TEAM = 68YWPYV749;
				ENABLE_PREVIEWS = YES;
				GENERATE_INFOPLIST_FILE = YES;
				INFOPLIST_FILE = MessengerBeta/Info.plist;
				INFOPLIST_KEY_UIApplicationSceneManifest_Generation = YES;
				INFOPLIST_KEY_UIApplicationSupportsIndirectInputEvents = YES;
				INFOPLIST_KEY_UILaunchScreen_Generation = YES;
				INFOPLIST_KEY_UIRequiresFullScreen = NO;
				INFOPLIST_KEY_UISupportedInterfaceOrientations_iPad = "";
				INFOPLIST_KEY_UISupportedInterfaceOrientations_iPhone = UIInterfaceOrientationPortrait;
				LD_RUNPATH_SEARCH_PATHS = (
					"$(inherited)",
					"@executable_path/Frameworks",
				);
				MARKETING_VERSION = 1.0;
				PRODUCT_BUNDLE_IDENTIFIER = de.touchthegrass.MessengerBeta;
				PRODUCT_NAME = "$(TARGET_NAME)";
				SWIFT_EMIT_LOC_STRINGS = YES;
				SWIFT_VERSION = 5.0;
				TARGETED_DEVICE_FAMILY = "1,2";
			};
			name = Debug;
		};
		14469B5E2B40937500835BFC /* Release */ = {
			isa = XCBuildConfiguration;
			buildSettings = {
				ASSETCATALOG_COMPILER_APPICON_NAME = AppIcon;
				ASSETCATALOG_COMPILER_GLOBAL_ACCENT_COLOR_NAME = AccentColor;
				CODE_SIGN_STYLE = Automatic;
				CURRENT_PROJECT_VERSION = 1;
				DEVELOPMENT_ASSET_PATHS = "\"MessengerBeta/Preview Content\"";
				DEVELOPMENT_TEAM = 68YWPYV749;
				ENABLE_PREVIEWS = YES;
				GENERATE_INFOPLIST_FILE = YES;
				INFOPLIST_FILE = MessengerBeta/Info.plist;
				INFOPLIST_KEY_UIApplicationSceneManifest_Generation = YES;
				INFOPLIST_KEY_UIApplicationSupportsIndirectInputEvents = YES;
				INFOPLIST_KEY_UILaunchScreen_Generation = YES;
				INFOPLIST_KEY_UIRequiresFullScreen = NO;
				INFOPLIST_KEY_UISupportedInterfaceOrientations_iPad = "";
				INFOPLIST_KEY_UISupportedInterfaceOrientations_iPhone = UIInterfaceOrientationPortrait;
				LD_RUNPATH_SEARCH_PATHS = (
					"$(inherited)",
					"@executable_path/Frameworks",
				);
				MARKETING_VERSION = 1.0;
				PRODUCT_BUNDLE_IDENTIFIER = de.touchthegrass.MessengerBeta;
				PRODUCT_NAME = "$(TARGET_NAME)";
				SWIFT_EMIT_LOC_STRINGS = YES;
				SWIFT_VERSION = 5.0;
				TARGETED_DEVICE_FAMILY = "1,2";
			};
			name = Release;
		};
/* End XCBuildConfiguration section */

/* Begin XCConfigurationList section */
		14469B472B40937300835BFC /* Build configuration list for PBXProject "MessengerBeta" */ = {
			isa = XCConfigurationList;
			buildConfigurations = (
				14469B5A2B40937500835BFC /* Debug */,
				14469B5B2B40937500835BFC /* Release */,
			);
			defaultConfigurationIsVisible = 0;
			defaultConfigurationName = Release;
		};
		14469B5C2B40937500835BFC /* Build configuration list for PBXNativeTarget "MessengerBeta" */ = {
			isa = XCConfigurationList;
			buildConfigurations = (
				14469B5D2B40937500835BFC /* Debug */,
				14469B5E2B40937500835BFC /* Release */,
			);
			defaultConfigurationIsVisible = 0;
			defaultConfigurationName = Release;
		};
/* End XCConfigurationList section */
	};
	rootObject = 14469B442B40937300835BFC /* Project object */;
}
