// !$*UTF8*$!
{
	archiveVersion = 1;
	classes = {
	};
	objectVersion = 56;
	objects = {

/* Begin PBXBuildFile section */
		140936B92BDDB3CF009F667B /* Message.swift in Sources */ = {isa = PBXBuildFile; fileRef = 140936B82BDDB3CF009F667B /* Message.swift */; };
		140DD9B72B42EE0F00302447 /* Music.swift in Sources */ = {isa = PBXBuildFile; fileRef = 140DD9B62B42EE0F00302447 /* Music.swift */; };
		140DE7192BDBD13D00B59A25 /* MessageView.swift in Sources */ = {isa = PBXBuildFile; fileRef = 140DE7182BDBD13D00B59A25 /* MessageView.swift */; };
		140DE71B2BDBD67300B59A25 /* MessageScrollViewExtensions.swift in Sources */ = {isa = PBXBuildFile; fileRef = 140DE71A2BDBD67300B59A25 /* MessageScrollViewExtensions.swift */; };
		140DE71D2BDBD73B00B59A25 /* MessageScrollView.swift in Sources */ = {isa = PBXBuildFile; fileRef = 140DE71C2BDBD73B00B59A25 /* MessageScrollView.swift */; };
		140DE73D2BDC1B3800B59A25 /* Localizable.xcstrings in Resources */ = {isa = PBXBuildFile; fileRef = 140DE73C2BDC1B3800B59A25 /* Localizable.xcstrings */; };
		140DE73F2BDC26E700B59A25 /* ChatViewFunctions.swift in Sources */ = {isa = PBXBuildFile; fileRef = 140DE73E2BDC26E700B59A25 /* ChatViewFunctions.swift */; };
		140DE7422BDC31A200B59A25 /* ReactionSheetView.swift in Sources */ = {isa = PBXBuildFile; fileRef = 140DE7412BDC31A200B59A25 /* ReactionSheetView.swift */; };
		14469B502B40937300835BFC /* BasedChatApp.swift in Sources */ = {isa = PBXBuildFile; fileRef = 14469B4F2B40937300835BFC /* BasedChatApp.swift */; };
		14469B562B40937500835BFC /* Assets.xcassets in Resources */ = {isa = PBXBuildFile; fileRef = 14469B552B40937500835BFC /* Assets.xcassets */; };
		144D31AE2BDD7DD400D1427F /* ChatInputView.swift in Sources */ = {isa = PBXBuildFile; fileRef = 144D31AD2BDD7DD400D1427F /* ChatInputView.swift */; };
		144D31B02BDD7E3B00D1427F /* ChatInputViewFunctions.swift in Sources */ = {isa = PBXBuildFile; fileRef = 144D31AF2BDD7E3B00D1427F /* ChatInputViewFunctions.swift */; };
		144D31B22BDD806D00D1427F /* TextFieldExtensions.swift in Sources */ = {isa = PBXBuildFile; fileRef = 144D31B12BDD806D00D1427F /* TextFieldExtensions.swift */; };
		144F38F92BD848DB00770A79 /* TextExtensions.swift in Sources */ = {isa = PBXBuildFile; fileRef = 144F38F82BD848DB00770A79 /* TextExtensions.swift */; };
		146F74F42BD9075900E0C10B /* BubbleContextMenu.swift in Sources */ = {isa = PBXBuildFile; fileRef = 146F74F32BD9075900E0C10B /* BubbleContextMenu.swift */; };
		146F74F62BD9087F00E0C10B /* BubbleTimeDisplayView.swift in Sources */ = {isa = PBXBuildFile; fileRef = 146F74F52BD9087F00E0C10B /* BubbleTimeDisplayView.swift */; };
		1478813A2BDE962E009EE6B0 /* StringFormatterProtocol.swift in Sources */ = {isa = PBXBuildFile; fileRef = 147881392BDE962E009EE6B0 /* StringFormatterProtocol.swift */; };
		1478813C2BDE96BA009EE6B0 /* StringFormatterCollection.swift in Sources */ = {isa = PBXBuildFile; fileRef = 1478813B2BDE96BA009EE6B0 /* StringFormatterCollection.swift */; };
		1478813E2BDE99B6009EE6B0 /* StringFormats.swift in Sources */ = {isa = PBXBuildFile; fileRef = 1478813D2BDE99B6009EE6B0 /* StringFormats.swift */; };
		148FC7C52B44016C007E3546 /* JetBrainsMono-Bold.ttf in Resources */ = {isa = PBXBuildFile; fileRef = 148FC7A62B440137007E3546 /* JetBrainsMono-Bold.ttf */; };
		148FC7C62B44016C007E3546 /* JetBrainsMono-Italic.ttf in Resources */ = {isa = PBXBuildFile; fileRef = 148FC7A72B440137007E3546 /* JetBrainsMono-Italic.ttf */; };
		148FC7C72B44016C007E3546 /* JetBrainsMono-Regular.ttf in Resources */ = {isa = PBXBuildFile; fileRef = 148FC7A92B440137007E3546 /* JetBrainsMono-Regular.ttf */; };
		148FC7C82B44016C007E3546 /* JetBrainsMonoNL-BoldItalic.ttf in Resources */ = {isa = PBXBuildFile; fileRef = 148FC7B12B440137007E3546 /* JetBrainsMonoNL-BoldItalic.ttf */; };
		148FC7C92B4401FD007E3546 /* JetBrainsMono-Thin.ttf in Resources */ = {isa = PBXBuildFile; fileRef = 148FC7A52B440137007E3546 /* JetBrainsMono-Thin.ttf */; };
		149876162BDD1B7E001CE1C5 /* RoundedRectangleExtensions.swift in Sources */ = {isa = PBXBuildFile; fileRef = 149876152BDD1B7E001CE1C5 /* RoundedRectangleExtensions.swift */; };
		149876182BDD1EA7001CE1C5 /* ReplyToDisplayView.swift in Sources */ = {isa = PBXBuildFile; fileRef = 149876172BDD1EA7001CE1C5 /* ReplyToDisplayView.swift */; };
		1498761D2BDD202C001CE1C5 /* ReplyToDisplayExtensions.swift in Sources */ = {isa = PBXBuildFile; fileRef = 1498761C2BDD202C001CE1C5 /* ReplyToDisplayExtensions.swift */; };
		1498761F2BDD20E3001CE1C5 /* Contact.swift in Sources */ = {isa = PBXBuildFile; fileRef = 1498761E2BDD20E3001CE1C5 /* Contact.swift */; };
		1498763B2BDD7215001CE1C5 /* DateExtensions.swift in Sources */ = {isa = PBXBuildFile; fileRef = 1498763A2BDD7215001CE1C5 /* DateExtensions.swift */; };
		14BE37F82BDBB97A0078D49B /* UIApplicationExtension.swift in Sources */ = {isa = PBXBuildFile; fileRef = 14BE37F72BDBB97A0078D49B /* UIApplicationExtension.swift */; };
		14BE37FA2BDBB9C00078D49B /* SafeAreaInsetsKey.swift in Sources */ = {isa = PBXBuildFile; fileRef = 14BE37F92BDBB9C00078D49B /* SafeAreaInsetsKey.swift */; };
		14BE37FC2BDBBA3E0078D49B /* UIEdgeInsetsExtension.swift in Sources */ = {isa = PBXBuildFile; fileRef = 14BE37FB2BDBBA3E0078D49B /* UIEdgeInsetsExtension.swift */; };
		14BE37FE2BDBBA600078D49B /* EnvironmentValuesExtension.swift in Sources */ = {isa = PBXBuildFile; fileRef = 14BE37FD2BDBBA600078D49B /* EnvironmentValuesExtension.swift */; };
		14BE38002BDBBB150078D49B /* ChatView.swift in Sources */ = {isa = PBXBuildFile; fileRef = 14BE37FF2BDBBB150078D49B /* ChatView.swift */; };
		14CB69D62BD2EC7900516D28 /* Attachment.swift in Sources */ = {isa = PBXBuildFile; fileRef = 14CB69D52BD2EC7900516D28 /* Attachment.swift */; };
		14CB69D82BD2EC7F00516D28 /* DictionaryExtension.swift in Sources */ = {isa = PBXBuildFile; fileRef = 14CB69D72BD2EC7F00516D28 /* DictionaryExtension.swift */; };
		14CB69DA2BD2EC9000516D28 /* FormattedChar.swift in Sources */ = {isa = PBXBuildFile; fileRef = 14CB69D92BD2EC9000516D28 /* FormattedChar.swift */; };
		14CB69DE2BD2ECAB00516D28 /* Reply.swift in Sources */ = {isa = PBXBuildFile; fileRef = 14CB69DD2BD2ECAB00516D28 /* Reply.swift */; };
		14CB69E02BD2ED4C00516D28 /* URLRepresentable.swift in Sources */ = {isa = PBXBuildFile; fileRef = 14CB69DF2BD2ED4C00516D28 /* URLRepresentable.swift */; };
		14CB69E22BD2ED5800516D28 /* Reaction.swift in Sources */ = {isa = PBXBuildFile; fileRef = 14CB69E12BD2ED5700516D28 /* Reaction.swift */; };
		14CB69E42BD2ED6000516D28 /* AnswerDisplayView.swift in Sources */ = {isa = PBXBuildFile; fileRef = 14CB69E32BD2ED6000516D28 /* AnswerDisplayView.swift */; };
		14CB69E62BD2ED6600516D28 /* Bubble.swift in Sources */ = {isa = PBXBuildFile; fileRef = 14CB69E52BD2ED6600516D28 /* Bubble.swift */; };
		14CB69EA2BD2ED8200516D28 /* BubbleFunctions.swift in Sources */ = {isa = PBXBuildFile; fileRef = 14CB69E72BD2ED8200516D28 /* BubbleFunctions.swift */; };
		14CB69EB2BD2ED8200516D28 /* DateHandler.swift in Sources */ = {isa = PBXBuildFile; fileRef = 14CB69E82BD2ED8200516D28 /* DateHandler.swift */; };
		14CB69ED2BD2F08800516D28 /* LinkView.swift in Sources */ = {isa = PBXBuildFile; fileRef = 14CB69EC2BD2F08800516D28 /* LinkView.swift */; };
		14CB69F32BD2F42300516D28 /* MatchWidthView.swift in Sources */ = {isa = PBXBuildFile; fileRef = 14CB69F22BD2F42300516D28 /* MatchWidthView.swift */; };
		14CB69F52BD2F64B00516D28 /* LinkStringDisplay.swift in Sources */ = {isa = PBXBuildFile; fileRef = 14CB69F42BD2F64B00516D28 /* LinkStringDisplay.swift */; };
		14CB69F72BD2F9EB00516D28 /* ReplyView.swift in Sources */ = {isa = PBXBuildFile; fileRef = 14CB69F62BD2F9EB00516D28 /* ReplyView.swift */; };
		14CB69F92BD2FB1400516D28 /* ViewExtensions.swift in Sources */ = {isa = PBXBuildFile; fileRef = 14CB69F82BD2FB1400516D28 /* ViewExtensions.swift */; };
		14CB69FB2BD2FC4E00516D28 /* MessageTextView.swift in Sources */ = {isa = PBXBuildFile; fileRef = 14CB69FA2BD2FC4E00516D28 /* MessageTextView.swift */; };
		14CB69FD2BD2FF7A00516D28 /* ReactionInfluencedProtocol.swift in Sources */ = {isa = PBXBuildFile; fileRef = 14CB69FC2BD2FF7A00516D28 /* ReactionInfluencedProtocol.swift */; };
		14CB69FF2BD3011000516D28 /* ReactionFunctions.swift in Sources */ = {isa = PBXBuildFile; fileRef = 14CB69FE2BD3011000516D28 /* ReactionFunctions.swift */; };
		14CB6A012BD302D700516D28 /* ReactionDisplayView.swift in Sources */ = {isa = PBXBuildFile; fileRef = 14CB6A002BD302D700516D28 /* ReactionDisplayView.swift */; };
		14E0180C2B4CB32500A6E379 /* Chat.swift in Sources */ = {isa = PBXBuildFile; fileRef = 14E0180B2B4CB32500A6E379 /* Chat.swift */; };
		14F35B6F2BD66EAF00D41949 /* IntExtensions.swift in Sources */ = {isa = PBXBuildFile; fileRef = 14F35B6E2BD66EAF00D41949 /* IntExtensions.swift */; };
		14F35B732BD6712800D41949 /* CredentialHandler.swift in Sources */ = {isa = PBXBuildFile; fileRef = 14F35B722BD6712800D41949 /* CredentialHandler.swift */; };
		14F35B762BD6A26500D41949 /* KeychainAccess in Frameworks */ = {isa = PBXBuildFile; productRef = 14F35B752BD6A26500D41949 /* KeychainAccess */; };
		14F35B782BD6A33F00D41949 /* Credentials.swift in Sources */ = {isa = PBXBuildFile; fileRef = 14F35B772BD6A33F00D41949 /* Credentials.swift */; };
		A61448AA2BE80091002CE0E9 /* StickerImageViewExtension.swift in Sources */ = {isa = PBXBuildFile; fileRef = A61448A92BE80091002CE0E9 /* StickerImageViewExtension.swift */; };
		A61448B02BE80BA0002CE0E9 /* GIFImage.swift in Sources */ = {isa = PBXBuildFile; fileRef = A61448AF2BE80BA0002CE0E9 /* GIFImage.swift */; };
		A61448B22BE828F6002CE0E9 /* TimeTogglerProtocol.swift in Sources */ = {isa = PBXBuildFile; fileRef = A61448B12BE828F6002CE0E9 /* TimeTogglerProtocol.swift */; };
		A61448B42BE829E8002CE0E9 /* TimeTogglerFunctions.swift in Sources */ = {isa = PBXBuildFile; fileRef = A61448B32BE829E8002CE0E9 /* TimeTogglerFunctions.swift */; };
		A61448B62BE82D3A002CE0E9 /* StickerFunctions.swift in Sources */ = {isa = PBXBuildFile; fileRef = A61448B52BE82D3A002CE0E9 /* StickerFunctions.swift */; };
		A62B05A52BE7AF0E00A0C399 /* SwiftChameleon in Frameworks */ = {isa = PBXBuildFile; productRef = A62B05A42BE7AF0E00A0C399 /* SwiftChameleon */; };
		A62B05A92BE7B11D00A0C399 /* StickerView.swift in Sources */ = {isa = PBXBuildFile; fileRef = A62B05A82BE7B11D00A0C399 /* StickerView.swift */; };
		A62B05AB2BE7B22C00A0C399 /* MessageExtensions.swift in Sources */ = {isa = PBXBuildFile; fileRef = A62B05AA2BE7B22C00A0C399 /* MessageExtensions.swift */; };
		A62B05AD2BE7B27900A0C399 /* MessageType.swift in Sources */ = {isa = PBXBuildFile; fileRef = A62B05AC2BE7B27900A0C399 /* MessageType.swift */; };
		A62B05AF2BE7B4DA00A0C399 /* MessageBindingExtension.swift in Sources */ = {isa = PBXBuildFile; fileRef = A62B05AE2BE7B4DA00A0C399 /* MessageBindingExtension.swift */; };
		A62B05B22BE7B5BA00A0C399 /* StickerImageView.swift in Sources */ = {isa = PBXBuildFile; fileRef = A62B05B12BE7B5BA00A0C399 /* StickerImageView.swift */; };
		A62B05B42BE7BCA800A0C399 /* GIFView.swift in Sources */ = {isa = PBXBuildFile; fileRef = A62B05B32BE7BCA800A0C399 /* GIFView.swift */; };
		A62B05B62BE7BF4A00A0C399 /* 69f9a9524a902c8fc8635787ab5c65ce21e843d96f8bc52cdf7fd20b7fc5006b.gif in Resources */ = {isa = PBXBuildFile; fileRef = A62B05B52BE7BF4A00A0C399 /* 69f9a9524a902c8fc8635787ab5c65ce21e843d96f8bc52cdf7fd20b7fc5006b.gif */; };
		A62B05B92BE7C76C00A0C399 /* FileHandler.swift in Sources */ = {isa = PBXBuildFile; fileRef = A62B05B82BE7C76C00A0C399 /* FileHandler.swift */; };
		A67C332A2C17386900594120 /* StickerCollection.swift in Sources */ = {isa = PBXBuildFile; fileRef = A67C33292C17386900594120 /* StickerCollection.swift */; };
		A67C332C2C17399B00594120 /* Sticker.swift in Sources */ = {isa = PBXBuildFile; fileRef = A67C332B2C17399B00594120 /* Sticker.swift */; };
		A68C6FC92BE2D38B00967243 /* SlashCommands in Frameworks */ = {isa = PBXBuildFile; productRef = A68C6FC82BE2D38B00967243 /* SlashCommands */; };
		A6A3CD8F2C191746002ACCD6 /* NavigationControllerExtension.swift in Sources */ = {isa = PBXBuildFile; fileRef = A6A3CD8E2C191730002ACCD6 /* NavigationControllerExtension.swift */; };
		A6A3CD912C191844002ACCD6 /* ChatTopBar.swift in Sources */ = {isa = PBXBuildFile; fileRef = A6A3CD902C191844002ACCD6 /* ChatTopBar.swift */; };
		A6A3CD972C192563002ACCD6 /* CallButtonsView.swift in Sources */ = {isa = PBXBuildFile; fileRef = A6A3CD962C19255E002ACCD6 /* CallButtonsView.swift */; };
		A6A3CD9A2C192725002ACCD6 /* IOSTopBarButtonView.swift in Sources */ = {isa = PBXBuildFile; fileRef = A6A3CD992C19271F002ACCD6 /* IOSTopBarButtonView.swift */; };
		A6A3CD9C2C1927C2002ACCD6 /* TopBarButtonView.swift in Sources */ = {isa = PBXBuildFile; fileRef = A6A3CD9B2C1927BA002ACCD6 /* TopBarButtonView.swift */; };
		A6A3CD9E2C1932B8002ACCD6 /* UIDeviceExtension.swift in Sources */ = {isa = PBXBuildFile; fileRef = A6A3CD9D2C1932B7002ACCD6 /* UIDeviceExtension.swift */; };
		A6BF8C542BE56C3000D1C471 /* CommandDetailView.swift in Sources */ = {isa = PBXBuildFile; fileRef = A6BF8C532BE56C3000D1C471 /* CommandDetailView.swift */; };
		A6BF8C562BE56D9A00D1C471 /* ImageExtensions.swift in Sources */ = {isa = PBXBuildFile; fileRef = A6BF8C552BE56D9A00D1C471 /* ImageExtensions.swift */; };
		A6BF8C582BE56DDB00D1C471 /* CommandImageSize.swift in Sources */ = {isa = PBXBuildFile; fileRef = A6BF8C572BE56DDB00D1C471 /* CommandImageSize.swift */; };
		A6BF8C5A2BE56FF500D1C471 /* CommandParamView.swift in Sources */ = {isa = PBXBuildFile; fileRef = A6BF8C592BE56FF500D1C471 /* CommandParamView.swift */; };
		A6BF8C802BE579C800D1C471 /* CommandDetailViewFunctions.swift in Sources */ = {isa = PBXBuildFile; fileRef = A6BF8C7F2BE579C800D1C471 /* CommandDetailViewFunctions.swift */; };
		A6BF8C822BE580BD00D1C471 /* CommandParamBackgroundState.swift in Sources */ = {isa = PBXBuildFile; fileRef = A6BF8C812BE580BD00D1C471 /* CommandParamBackgroundState.swift */; };
		A6BF8C862BE5811F00D1C471 /* CommandList.swift in Sources */ = {isa = PBXBuildFile; fileRef = A6BF8C852BE5811F00D1C471 /* CommandList.swift */; };
		A6BF8C8B2BE581BD00D1C471 /* Bababa.swift in Sources */ = {isa = PBXBuildFile; fileRef = A6BF8C8A2BE581BD00D1C471 /* Bababa.swift */; };
		A6BF8C8D2BE5851200D1C471 /* Tableflip.swift in Sources */ = {isa = PBXBuildFile; fileRef = A6BF8C8C2BE5851200D1C471 /* Tableflip.swift */; };
		A6BF8C8F2BE5856100D1C471 /* CommandPreview.swift in Sources */ = {isa = PBXBuildFile; fileRef = A6BF8C8E2BE5856100D1C471 /* CommandPreview.swift */; };
		A6BF8C912BE585DF00D1C471 /* CommandOwnerOverlayView.swift in Sources */ = {isa = PBXBuildFile; fileRef = A6BF8C902BE585DF00D1C471 /* CommandOwnerOverlayView.swift */; };
		A6BF8C962BE59D1200D1C471 /* Unflip.swift in Sources */ = {isa = PBXBuildFile; fileRef = A6BF8C952BE59D1200D1C471 /* Unflip.swift */; };
		A6D738DA2BFF7A0C002A4AD8 /* CloseOnly.swift in Sources */ = {isa = PBXBuildFile; fileRef = A6D738D92BFF7A0C002A4AD8 /* CloseOnly.swift */; };
/* End PBXBuildFile section */

/* Begin PBXFileReference section */
		140936B82BDDB3CF009F667B /* Message.swift */ = {isa = PBXFileReference; lastKnownFileType = sourcecode.swift; path = Message.swift; sourceTree = "<group>"; };
		140DD9B62B42EE0F00302447 /* Music.swift */ = {isa = PBXFileReference; lastKnownFileType = sourcecode.swift; path = Music.swift; sourceTree = "<group>"; };
		140DE7182BDBD13D00B59A25 /* MessageView.swift */ = {isa = PBXFileReference; lastKnownFileType = sourcecode.swift; path = MessageView.swift; sourceTree = "<group>"; };
		140DE71A2BDBD67300B59A25 /* MessageScrollViewExtensions.swift */ = {isa = PBXFileReference; lastKnownFileType = sourcecode.swift; path = MessageScrollViewExtensions.swift; sourceTree = "<group>"; };
		140DE71C2BDBD73B00B59A25 /* MessageScrollView.swift */ = {isa = PBXFileReference; lastKnownFileType = sourcecode.swift; path = MessageScrollView.swift; sourceTree = "<group>"; };
		140DE73C2BDC1B3800B59A25 /* Localizable.xcstrings */ = {isa = PBXFileReference; lastKnownFileType = text.json.xcstrings; path = Localizable.xcstrings; sourceTree = "<group>"; };
		140DE73E2BDC26E700B59A25 /* ChatViewFunctions.swift */ = {isa = PBXFileReference; lastKnownFileType = sourcecode.swift; path = ChatViewFunctions.swift; sourceTree = "<group>"; };
		140DE7412BDC31A200B59A25 /* ReactionSheetView.swift */ = {isa = PBXFileReference; lastKnownFileType = sourcecode.swift; path = ReactionSheetView.swift; sourceTree = "<group>"; };
		14469B4C2B40937300835BFC /* MessengerBeta.app */ = {isa = PBXFileReference; explicitFileType = wrapper.application; includeInIndex = 0; path = MessengerBeta.app; sourceTree = BUILT_PRODUCTS_DIR; };
		14469B4F2B40937300835BFC /* BasedChatApp.swift */ = {isa = PBXFileReference; lastKnownFileType = sourcecode.swift; path = BasedChatApp.swift; sourceTree = "<group>"; };
		14469B552B40937500835BFC /* Assets.xcassets */ = {isa = PBXFileReference; lastKnownFileType = folder.assetcatalog; path = Assets.xcassets; sourceTree = "<group>"; };
		144D31AD2BDD7DD400D1427F /* ChatInputView.swift */ = {isa = PBXFileReference; lastKnownFileType = sourcecode.swift; path = ChatInputView.swift; sourceTree = "<group>"; };
		144D31AF2BDD7E3B00D1427F /* ChatInputViewFunctions.swift */ = {isa = PBXFileReference; lastKnownFileType = sourcecode.swift; path = ChatInputViewFunctions.swift; sourceTree = "<group>"; };
		144D31B12BDD806D00D1427F /* TextFieldExtensions.swift */ = {isa = PBXFileReference; lastKnownFileType = sourcecode.swift; path = TextFieldExtensions.swift; sourceTree = "<group>"; };
		144F38F82BD848DB00770A79 /* TextExtensions.swift */ = {isa = PBXFileReference; lastKnownFileType = sourcecode.swift; path = TextExtensions.swift; sourceTree = "<group>"; };
		146F74F32BD9075900E0C10B /* BubbleContextMenu.swift */ = {isa = PBXFileReference; lastKnownFileType = sourcecode.swift; path = BubbleContextMenu.swift; sourceTree = "<group>"; };
		146F74F52BD9087F00E0C10B /* BubbleTimeDisplayView.swift */ = {isa = PBXFileReference; lastKnownFileType = sourcecode.swift; path = BubbleTimeDisplayView.swift; sourceTree = "<group>"; };
		1473EA0F2B40D0D900667053 /* Info.plist */ = {isa = PBXFileReference; lastKnownFileType = text.plist; path = Info.plist; sourceTree = "<group>"; };
		147881392BDE962E009EE6B0 /* StringFormatterProtocol.swift */ = {isa = PBXFileReference; lastKnownFileType = sourcecode.swift; path = StringFormatterProtocol.swift; sourceTree = "<group>"; };
		1478813B2BDE96BA009EE6B0 /* StringFormatterCollection.swift */ = {isa = PBXFileReference; lastKnownFileType = sourcecode.swift; path = StringFormatterCollection.swift; sourceTree = "<group>"; };
		1478813D2BDE99B6009EE6B0 /* StringFormats.swift */ = {isa = PBXFileReference; lastKnownFileType = sourcecode.swift; path = StringFormats.swift; sourceTree = "<group>"; };
		148FC7A52B440137007E3546 /* JetBrainsMono-Thin.ttf */ = {isa = PBXFileReference; lastKnownFileType = text; path = "JetBrainsMono-Thin.ttf"; sourceTree = "<group>"; };
		148FC7A62B440137007E3546 /* JetBrainsMono-Bold.ttf */ = {isa = PBXFileReference; lastKnownFileType = text; path = "JetBrainsMono-Bold.ttf"; sourceTree = "<group>"; };
		148FC7A72B440137007E3546 /* JetBrainsMono-Italic.ttf */ = {isa = PBXFileReference; lastKnownFileType = text; path = "JetBrainsMono-Italic.ttf"; sourceTree = "<group>"; };
		148FC7A82B440137007E3546 /* JetBrainsMono-LightItalic.ttf */ = {isa = PBXFileReference; lastKnownFileType = text; path = "JetBrainsMono-LightItalic.ttf"; sourceTree = "<group>"; };
		148FC7A92B440137007E3546 /* JetBrainsMono-Regular.ttf */ = {isa = PBXFileReference; lastKnownFileType = text; path = "JetBrainsMono-Regular.ttf"; sourceTree = "<group>"; };
		148FC7AA2B440137007E3546 /* JetBrainsMonoNL-ExtraLightItalic.ttf */ = {isa = PBXFileReference; lastKnownFileType = text; path = "JetBrainsMonoNL-ExtraLightItalic.ttf"; sourceTree = "<group>"; };
		148FC7AB2B440137007E3546 /* JetBrainsMono-ExtraLightItalic.ttf */ = {isa = PBXFileReference; lastKnownFileType = text; path = "JetBrainsMono-ExtraLightItalic.ttf"; sourceTree = "<group>"; };
		148FC7AC2B440137007E3546 /* JetBrainsMonoNL-ExtraLight.ttf */ = {isa = PBXFileReference; lastKnownFileType = text; path = "JetBrainsMonoNL-ExtraLight.ttf"; sourceTree = "<group>"; };
		148FC7AD2B440137007E3546 /* JetBrainsMonoNL-MediumItalic.ttf */ = {isa = PBXFileReference; lastKnownFileType = text; path = "JetBrainsMonoNL-MediumItalic.ttf"; sourceTree = "<group>"; };
		148FC7AE2B440137007E3546 /* JetBrainsMonoNL-ThinItalic.ttf */ = {isa = PBXFileReference; lastKnownFileType = text; path = "JetBrainsMonoNL-ThinItalic.ttf"; sourceTree = "<group>"; };
		148FC7AF2B440137007E3546 /* JetBrainsMonoNL-Light.ttf */ = {isa = PBXFileReference; lastKnownFileType = text; path = "JetBrainsMonoNL-Light.ttf"; sourceTree = "<group>"; };
		148FC7B02B440137007E3546 /* JetBrainsMonoNL-Italic.ttf */ = {isa = PBXFileReference; lastKnownFileType = text; path = "JetBrainsMonoNL-Italic.ttf"; sourceTree = "<group>"; };
		148FC7B12B440137007E3546 /* JetBrainsMonoNL-BoldItalic.ttf */ = {isa = PBXFileReference; lastKnownFileType = text; path = "JetBrainsMonoNL-BoldItalic.ttf"; sourceTree = "<group>"; };
		148FC7B22B440137007E3546 /* JetBrainsMonoNL-SemiBold.ttf */ = {isa = PBXFileReference; lastKnownFileType = text; path = "JetBrainsMonoNL-SemiBold.ttf"; sourceTree = "<group>"; };
		148FC7B32B440137007E3546 /* JetBrainsMono-SemiBoldItalic.ttf */ = {isa = PBXFileReference; lastKnownFileType = text; path = "JetBrainsMono-SemiBoldItalic.ttf"; sourceTree = "<group>"; };
		148FC7B42B440137007E3546 /* JetBrainsMonoNL-LightItalic.ttf */ = {isa = PBXFileReference; lastKnownFileType = text; path = "JetBrainsMonoNL-LightItalic.ttf"; sourceTree = "<group>"; };
		148FC7B52B440137007E3546 /* JetBrainsMono-Light.ttf */ = {isa = PBXFileReference; lastKnownFileType = text; path = "JetBrainsMono-Light.ttf"; sourceTree = "<group>"; };
		148FC7B62B440137007E3546 /* JetBrainsMono-MediumItalic.ttf */ = {isa = PBXFileReference; lastKnownFileType = text; path = "JetBrainsMono-MediumItalic.ttf"; sourceTree = "<group>"; };
		148FC7B72B440137007E3546 /* JetBrainsMono-ExtraBold.ttf */ = {isa = PBXFileReference; lastKnownFileType = text; path = "JetBrainsMono-ExtraBold.ttf"; sourceTree = "<group>"; };
		148FC7B82B440137007E3546 /* JetBrainsMono-SemiBold.ttf */ = {isa = PBXFileReference; lastKnownFileType = text; path = "JetBrainsMono-SemiBold.ttf"; sourceTree = "<group>"; };
		148FC7B92B440137007E3546 /* JetBrainsMonoNL-Regular.ttf */ = {isa = PBXFileReference; lastKnownFileType = text; path = "JetBrainsMonoNL-Regular.ttf"; sourceTree = "<group>"; };
		148FC7BA2B440137007E3546 /* JetBrainsMonoNL-Medium.ttf */ = {isa = PBXFileReference; lastKnownFileType = text; path = "JetBrainsMonoNL-Medium.ttf"; sourceTree = "<group>"; };
		148FC7BB2B440137007E3546 /* JetBrainsMonoNL-Thin.ttf */ = {isa = PBXFileReference; lastKnownFileType = text; path = "JetBrainsMonoNL-Thin.ttf"; sourceTree = "<group>"; };
		148FC7BC2B440137007E3546 /* JetBrainsMonoNL-SemiBoldItalic.ttf */ = {isa = PBXFileReference; lastKnownFileType = text; path = "JetBrainsMonoNL-SemiBoldItalic.ttf"; sourceTree = "<group>"; };
		148FC7BD2B440137007E3546 /* JetBrainsMonoNL-ExtraBoldItalic.ttf */ = {isa = PBXFileReference; lastKnownFileType = text; path = "JetBrainsMonoNL-ExtraBoldItalic.ttf"; sourceTree = "<group>"; };
		148FC7BE2B440137007E3546 /* JetBrainsMono-ExtraBoldItalic.ttf */ = {isa = PBXFileReference; lastKnownFileType = text; path = "JetBrainsMono-ExtraBoldItalic.ttf"; sourceTree = "<group>"; };
		148FC7BF2B440137007E3546 /* JetBrainsMono-ThinItalic.ttf */ = {isa = PBXFileReference; lastKnownFileType = text; path = "JetBrainsMono-ThinItalic.ttf"; sourceTree = "<group>"; };
		148FC7C02B440137007E3546 /* JetBrainsMonoNL-ExtraBold.ttf */ = {isa = PBXFileReference; lastKnownFileType = text; path = "JetBrainsMonoNL-ExtraBold.ttf"; sourceTree = "<group>"; };
		148FC7C12B440137007E3546 /* JetBrainsMono-ExtraLight.ttf */ = {isa = PBXFileReference; lastKnownFileType = text; path = "JetBrainsMono-ExtraLight.ttf"; sourceTree = "<group>"; };
		148FC7C22B440137007E3546 /* JetBrainsMono-Medium.ttf */ = {isa = PBXFileReference; lastKnownFileType = text; path = "JetBrainsMono-Medium.ttf"; sourceTree = "<group>"; };
		148FC7C32B440137007E3546 /* JetBrainsMono-BoldItalic.ttf */ = {isa = PBXFileReference; lastKnownFileType = text; path = "JetBrainsMono-BoldItalic.ttf"; sourceTree = "<group>"; };
		148FC7C42B440137007E3546 /* JetBrainsMonoNL-Bold.ttf */ = {isa = PBXFileReference; lastKnownFileType = text; path = "JetBrainsMonoNL-Bold.ttf"; sourceTree = "<group>"; };
		149876152BDD1B7E001CE1C5 /* RoundedRectangleExtensions.swift */ = {isa = PBXFileReference; lastKnownFileType = sourcecode.swift; path = RoundedRectangleExtensions.swift; sourceTree = "<group>"; };
		149876172BDD1EA7001CE1C5 /* ReplyToDisplayView.swift */ = {isa = PBXFileReference; lastKnownFileType = sourcecode.swift; path = ReplyToDisplayView.swift; sourceTree = "<group>"; };
		1498761C2BDD202C001CE1C5 /* ReplyToDisplayExtensions.swift */ = {isa = PBXFileReference; lastKnownFileType = sourcecode.swift; path = ReplyToDisplayExtensions.swift; sourceTree = "<group>"; };
		1498761E2BDD20E3001CE1C5 /* Contact.swift */ = {isa = PBXFileReference; lastKnownFileType = sourcecode.swift; path = Contact.swift; sourceTree = "<group>"; };
		1498763A2BDD7215001CE1C5 /* DateExtensions.swift */ = {isa = PBXFileReference; lastKnownFileType = sourcecode.swift; path = DateExtensions.swift; sourceTree = "<group>"; };
		14BE37F72BDBB97A0078D49B /* UIApplicationExtension.swift */ = {isa = PBXFileReference; lastKnownFileType = sourcecode.swift; path = UIApplicationExtension.swift; sourceTree = "<group>"; };
		14BE37F92BDBB9C00078D49B /* SafeAreaInsetsKey.swift */ = {isa = PBXFileReference; lastKnownFileType = sourcecode.swift; path = SafeAreaInsetsKey.swift; sourceTree = "<group>"; };
		14BE37FB2BDBBA3E0078D49B /* UIEdgeInsetsExtension.swift */ = {isa = PBXFileReference; lastKnownFileType = sourcecode.swift; path = UIEdgeInsetsExtension.swift; sourceTree = "<group>"; };
		14BE37FD2BDBBA600078D49B /* EnvironmentValuesExtension.swift */ = {isa = PBXFileReference; lastKnownFileType = sourcecode.swift; path = EnvironmentValuesExtension.swift; sourceTree = "<group>"; };
		14BE37FF2BDBBB150078D49B /* ChatView.swift */ = {isa = PBXFileReference; lastKnownFileType = sourcecode.swift; path = ChatView.swift; sourceTree = "<group>"; };
		14CB69D52BD2EC7900516D28 /* Attachment.swift */ = {isa = PBXFileReference; fileEncoding = 4; lastKnownFileType = sourcecode.swift; path = Attachment.swift; sourceTree = "<group>"; };
		14CB69D72BD2EC7F00516D28 /* DictionaryExtension.swift */ = {isa = PBXFileReference; fileEncoding = 4; lastKnownFileType = sourcecode.swift; path = DictionaryExtension.swift; sourceTree = "<group>"; };
		14CB69D92BD2EC9000516D28 /* FormattedChar.swift */ = {isa = PBXFileReference; fileEncoding = 4; lastKnownFileType = sourcecode.swift; path = FormattedChar.swift; sourceTree = "<group>"; };
		14CB69DD2BD2ECAB00516D28 /* Reply.swift */ = {isa = PBXFileReference; fileEncoding = 4; lastKnownFileType = sourcecode.swift; path = Reply.swift; sourceTree = "<group>"; };
		14CB69DF2BD2ED4C00516D28 /* URLRepresentable.swift */ = {isa = PBXFileReference; fileEncoding = 4; lastKnownFileType = sourcecode.swift; path = URLRepresentable.swift; sourceTree = "<group>"; };
		14CB69E12BD2ED5700516D28 /* Reaction.swift */ = {isa = PBXFileReference; fileEncoding = 4; lastKnownFileType = sourcecode.swift; path = Reaction.swift; sourceTree = "<group>"; };
		14CB69E32BD2ED6000516D28 /* AnswerDisplayView.swift */ = {isa = PBXFileReference; fileEncoding = 4; lastKnownFileType = sourcecode.swift; path = AnswerDisplayView.swift; sourceTree = "<group>"; };
		14CB69E52BD2ED6600516D28 /* Bubble.swift */ = {isa = PBXFileReference; fileEncoding = 4; lastKnownFileType = sourcecode.swift; path = Bubble.swift; sourceTree = "<group>"; };
		14CB69E72BD2ED8200516D28 /* BubbleFunctions.swift */ = {isa = PBXFileReference; fileEncoding = 4; lastKnownFileType = sourcecode.swift; path = BubbleFunctions.swift; sourceTree = "<group>"; };
		14CB69E82BD2ED8200516D28 /* DateHandler.swift */ = {isa = PBXFileReference; fileEncoding = 4; lastKnownFileType = sourcecode.swift; path = DateHandler.swift; sourceTree = "<group>"; };
		14CB69EC2BD2F08800516D28 /* LinkView.swift */ = {isa = PBXFileReference; lastKnownFileType = sourcecode.swift; path = LinkView.swift; sourceTree = "<group>"; };
		14CB69F22BD2F42300516D28 /* MatchWidthView.swift */ = {isa = PBXFileReference; lastKnownFileType = sourcecode.swift; path = MatchWidthView.swift; sourceTree = "<group>"; };
		14CB69F42BD2F64B00516D28 /* LinkStringDisplay.swift */ = {isa = PBXFileReference; lastKnownFileType = sourcecode.swift; path = LinkStringDisplay.swift; sourceTree = "<group>"; };
		14CB69F62BD2F9EB00516D28 /* ReplyView.swift */ = {isa = PBXFileReference; lastKnownFileType = sourcecode.swift; path = ReplyView.swift; sourceTree = "<group>"; };
		14CB69F82BD2FB1400516D28 /* ViewExtensions.swift */ = {isa = PBXFileReference; lastKnownFileType = sourcecode.swift; path = ViewExtensions.swift; sourceTree = "<group>"; };
		14CB69FA2BD2FC4E00516D28 /* MessageTextView.swift */ = {isa = PBXFileReference; lastKnownFileType = sourcecode.swift; path = MessageTextView.swift; sourceTree = "<group>"; };
		14CB69FC2BD2FF7A00516D28 /* ReactionInfluencedProtocol.swift */ = {isa = PBXFileReference; lastKnownFileType = sourcecode.swift; path = ReactionInfluencedProtocol.swift; sourceTree = "<group>"; };
		14CB69FE2BD3011000516D28 /* ReactionFunctions.swift */ = {isa = PBXFileReference; lastKnownFileType = sourcecode.swift; path = ReactionFunctions.swift; sourceTree = "<group>"; };
		14CB6A002BD302D700516D28 /* ReactionDisplayView.swift */ = {isa = PBXFileReference; lastKnownFileType = sourcecode.swift; path = ReactionDisplayView.swift; sourceTree = "<group>"; };
		14E0180B2B4CB32500A6E379 /* Chat.swift */ = {isa = PBXFileReference; lastKnownFileType = sourcecode.swift; path = Chat.swift; sourceTree = "<group>"; };
		14F35B6E2BD66EAF00D41949 /* IntExtensions.swift */ = {isa = PBXFileReference; lastKnownFileType = sourcecode.swift; path = IntExtensions.swift; sourceTree = "<group>"; };
		14F35B722BD6712800D41949 /* CredentialHandler.swift */ = {isa = PBXFileReference; lastKnownFileType = sourcecode.swift; path = CredentialHandler.swift; sourceTree = "<group>"; };
		14F35B772BD6A33F00D41949 /* Credentials.swift */ = {isa = PBXFileReference; lastKnownFileType = sourcecode.swift; path = Credentials.swift; sourceTree = "<group>"; };
		A61448A92BE80091002CE0E9 /* StickerImageViewExtension.swift */ = {isa = PBXFileReference; lastKnownFileType = sourcecode.swift; path = StickerImageViewExtension.swift; sourceTree = "<group>"; };
		A61448AF2BE80BA0002CE0E9 /* GIFImage.swift */ = {isa = PBXFileReference; lastKnownFileType = sourcecode.swift; path = GIFImage.swift; sourceTree = "<group>"; };
		A61448B12BE828F6002CE0E9 /* TimeTogglerProtocol.swift */ = {isa = PBXFileReference; lastKnownFileType = sourcecode.swift; path = TimeTogglerProtocol.swift; sourceTree = "<group>"; };
		A61448B32BE829E8002CE0E9 /* TimeTogglerFunctions.swift */ = {isa = PBXFileReference; lastKnownFileType = sourcecode.swift; path = TimeTogglerFunctions.swift; sourceTree = "<group>"; };
		A61448B52BE82D3A002CE0E9 /* StickerFunctions.swift */ = {isa = PBXFileReference; lastKnownFileType = sourcecode.swift; path = StickerFunctions.swift; sourceTree = "<group>"; };
		A62B05A82BE7B11D00A0C399 /* StickerView.swift */ = {isa = PBXFileReference; lastKnownFileType = sourcecode.swift; path = StickerView.swift; sourceTree = "<group>"; };
		A62B05AA2BE7B22C00A0C399 /* MessageExtensions.swift */ = {isa = PBXFileReference; lastKnownFileType = sourcecode.swift; path = MessageExtensions.swift; sourceTree = "<group>"; };
		A62B05AC2BE7B27900A0C399 /* MessageType.swift */ = {isa = PBXFileReference; lastKnownFileType = sourcecode.swift; path = MessageType.swift; sourceTree = "<group>"; };
		A62B05AE2BE7B4DA00A0C399 /* MessageBindingExtension.swift */ = {isa = PBXFileReference; lastKnownFileType = sourcecode.swift; path = MessageBindingExtension.swift; sourceTree = "<group>"; };
		A62B05B12BE7B5BA00A0C399 /* StickerImageView.swift */ = {isa = PBXFileReference; lastKnownFileType = sourcecode.swift; path = StickerImageView.swift; sourceTree = "<group>"; };
		A62B05B32BE7BCA800A0C399 /* GIFView.swift */ = {isa = PBXFileReference; lastKnownFileType = sourcecode.swift; path = GIFView.swift; sourceTree = "<group>"; };
		A62B05B52BE7BF4A00A0C399 /* 69f9a9524a902c8fc8635787ab5c65ce21e843d96f8bc52cdf7fd20b7fc5006b.gif */ = {isa = PBXFileReference; lastKnownFileType = image.gif; path = 69f9a9524a902c8fc8635787ab5c65ce21e843d96f8bc52cdf7fd20b7fc5006b.gif; sourceTree = "<group>"; };
		A62B05B82BE7C76C00A0C399 /* FileHandler.swift */ = {isa = PBXFileReference; lastKnownFileType = sourcecode.swift; path = FileHandler.swift; sourceTree = "<group>"; };
		A67C33292C17386900594120 /* StickerCollection.swift */ = {isa = PBXFileReference; lastKnownFileType = sourcecode.swift; path = StickerCollection.swift; sourceTree = "<group>"; };
		A67C332B2C17399B00594120 /* Sticker.swift */ = {isa = PBXFileReference; lastKnownFileType = sourcecode.swift; path = Sticker.swift; sourceTree = "<group>"; };
		A6A3CD8E2C191730002ACCD6 /* NavigationControllerExtension.swift */ = {isa = PBXFileReference; lastKnownFileType = sourcecode.swift; path = NavigationControllerExtension.swift; sourceTree = "<group>"; };
		A6A3CD902C191844002ACCD6 /* ChatTopBar.swift */ = {isa = PBXFileReference; lastKnownFileType = sourcecode.swift; path = ChatTopBar.swift; sourceTree = "<group>"; };
		A6A3CD962C19255E002ACCD6 /* CallButtonsView.swift */ = {isa = PBXFileReference; lastKnownFileType = sourcecode.swift; path = CallButtonsView.swift; sourceTree = "<group>"; };
		A6A3CD992C19271F002ACCD6 /* IOSTopBarButtonView.swift */ = {isa = PBXFileReference; lastKnownFileType = sourcecode.swift; path = IOSTopBarButtonView.swift; sourceTree = "<group>"; };
		A6A3CD9B2C1927BA002ACCD6 /* TopBarButtonView.swift */ = {isa = PBXFileReference; lastKnownFileType = sourcecode.swift; path = TopBarButtonView.swift; sourceTree = "<group>"; };
		A6A3CD9D2C1932B7002ACCD6 /* UIDeviceExtension.swift */ = {isa = PBXFileReference; lastKnownFileType = sourcecode.swift; path = UIDeviceExtension.swift; sourceTree = "<group>"; };
		A6BF8C532BE56C3000D1C471 /* CommandDetailView.swift */ = {isa = PBXFileReference; lastKnownFileType = sourcecode.swift; path = CommandDetailView.swift; sourceTree = "<group>"; };
		A6BF8C552BE56D9A00D1C471 /* ImageExtensions.swift */ = {isa = PBXFileReference; lastKnownFileType = sourcecode.swift; path = ImageExtensions.swift; sourceTree = "<group>"; };
		A6BF8C572BE56DDB00D1C471 /* CommandImageSize.swift */ = {isa = PBXFileReference; lastKnownFileType = sourcecode.swift; path = CommandImageSize.swift; sourceTree = "<group>"; };
		A6BF8C592BE56FF500D1C471 /* CommandParamView.swift */ = {isa = PBXFileReference; lastKnownFileType = sourcecode.swift; path = CommandParamView.swift; sourceTree = "<group>"; };
		A6BF8C7F2BE579C800D1C471 /* CommandDetailViewFunctions.swift */ = {isa = PBXFileReference; lastKnownFileType = sourcecode.swift; path = CommandDetailViewFunctions.swift; sourceTree = "<group>"; };
		A6BF8C812BE580BD00D1C471 /* CommandParamBackgroundState.swift */ = {isa = PBXFileReference; lastKnownFileType = sourcecode.swift; path = CommandParamBackgroundState.swift; sourceTree = "<group>"; };
		A6BF8C852BE5811F00D1C471 /* CommandList.swift */ = {isa = PBXFileReference; lastKnownFileType = sourcecode.swift; path = CommandList.swift; sourceTree = "<group>"; };
		A6BF8C8A2BE581BD00D1C471 /* Bababa.swift */ = {isa = PBXFileReference; lastKnownFileType = sourcecode.swift; path = Bababa.swift; sourceTree = "<group>"; };
		A6BF8C8C2BE5851200D1C471 /* Tableflip.swift */ = {isa = PBXFileReference; lastKnownFileType = sourcecode.swift; path = Tableflip.swift; sourceTree = "<group>"; };
		A6BF8C8E2BE5856100D1C471 /* CommandPreview.swift */ = {isa = PBXFileReference; lastKnownFileType = sourcecode.swift; path = CommandPreview.swift; sourceTree = "<group>"; };
		A6BF8C902BE585DF00D1C471 /* CommandOwnerOverlayView.swift */ = {isa = PBXFileReference; lastKnownFileType = sourcecode.swift; path = CommandOwnerOverlayView.swift; sourceTree = "<group>"; };
		A6BF8C952BE59D1200D1C471 /* Unflip.swift */ = {isa = PBXFileReference; lastKnownFileType = sourcecode.swift; path = Unflip.swift; sourceTree = "<group>"; };
		A6D738D92BFF7A0C002A4AD8 /* CloseOnly.swift */ = {isa = PBXFileReference; lastKnownFileType = sourcecode.swift; path = CloseOnly.swift; sourceTree = "<group>"; };
/* End PBXFileReference section */

/* Begin PBXFrameworksBuildPhase section */
		14469B492B40937300835BFC /* Frameworks */ = {
			isa = PBXFrameworksBuildPhase;
			buildActionMask = 2147483647;
			files = (
				A68C6FC92BE2D38B00967243 /* SlashCommands in Frameworks */,
				A62B05A52BE7AF0E00A0C399 /* SwiftChameleon in Frameworks */,
				14F35B762BD6A26500D41949 /* KeychainAccess in Frameworks */,
			);
			runOnlyForDeploymentPostprocessing = 0;
		};
/* End PBXFrameworksBuildPhase section */

/* Begin PBXGroup section */
		140936BC2BDDC919009F667B /* Reply */ = {
			isa = PBXGroup;
			children = (
				140936BD2BDDC931009F667B /* Children */,
				14CB69F62BD2F9EB00516D28 /* ReplyView.swift */,
			);
			path = Reply;
			sourceTree = "<group>";
		};
		140936BD2BDDC931009F667B /* Children */ = {
			isa = PBXGroup;
			children = (
				14CB69F22BD2F42300516D28 /* MatchWidthView.swift */,
				14CB69E32BD2ED6000516D28 /* AnswerDisplayView.swift */,
			);
			path = Children;
			sourceTree = "<group>";
		};
		140DE7172BDBD12900B59A25 /* Children */ = {
			isa = PBXGroup;
			children = (
				A6A3CD932C191870002ACCD6 /* TopBar */,
				144D31AC2BDD7DC300D1427F /* ChatInput */,
				149876192BDD1F9A001CE1C5 /* ReplyToDisplay */,
				1498761A2BDD1FB1001CE1C5 /* MessageScroll */,
				140DE7402BDC318000B59A25 /* ReactionSheet */,
			);
			path = Children;
			sourceTree = "<group>";
		};
		140DE7402BDC318000B59A25 /* ReactionSheet */ = {
			isa = PBXGroup;
			children = (
				140DE7412BDC31A200B59A25 /* ReactionSheetView.swift */,
			);
			path = ReactionSheet;
			sourceTree = "<group>";
		};
		14469B432B40937300835BFC = {
			isa = PBXGroup;
			children = (
				14469B4E2B40937300835BFC /* MessengerBeta */,
				14469B4D2B40937300835BFC /* Products */,
			);
			sourceTree = "<group>";
		};
		14469B4D2B40937300835BFC /* Products */ = {
			isa = PBXGroup;
			children = (
				14469B4C2B40937300835BFC /* MessengerBeta.app */,
			);
			name = Products;
			sourceTree = "<group>";
		};
		14469B4E2B40937300835BFC /* MessengerBeta */ = {
			isa = PBXGroup;
			children = (
				A62B05B72BE7BF6B00A0C399 /* Reccources */,
				A6BF8C892BE581B000D1C471 /* Commands */,
				14CB69E92BD2ED8200516D28 /* Utils */,
				1473EA0F2B40D0D900667053 /* Info.plist */,
				14469B4F2B40937300835BFC /* BasedChatApp.swift */,
				140DD9B62B42EE0F00302447 /* Music.swift */,
				14469B552B40937500835BFC /* Assets.xcassets */,
				14E018082B4CB26500A6E379 /* Model */,
				14DC8B362B4AE5A3009ED309 /* View */,
				14BD72682B4A37CC00334D69 /* Localization */,
				148FC7A42B440137007E3546 /* ttf */,
			);
			path = MessengerBeta;
			sourceTree = "<group>";
		};
		144D31AC2BDD7DC300D1427F /* ChatInput */ = {
			isa = PBXGroup;
			children = (
				144D31AD2BDD7DD400D1427F /* ChatInputView.swift */,
				144D31AF2BDD7E3B00D1427F /* ChatInputViewFunctions.swift */,
				144D31B12BDD806D00D1427F /* TextFieldExtensions.swift */,
			);
			path = ChatInput;
			sourceTree = "<group>";
		};
		148FC7A42B440137007E3546 /* ttf */ = {
			isa = PBXGroup;
			children = (
				148FC7A52B440137007E3546 /* JetBrainsMono-Thin.ttf */,
				148FC7A62B440137007E3546 /* JetBrainsMono-Bold.ttf */,
				148FC7A72B440137007E3546 /* JetBrainsMono-Italic.ttf */,
				148FC7A82B440137007E3546 /* JetBrainsMono-LightItalic.ttf */,
				148FC7A92B440137007E3546 /* JetBrainsMono-Regular.ttf */,
				148FC7AA2B440137007E3546 /* JetBrainsMonoNL-ExtraLightItalic.ttf */,
				148FC7AB2B440137007E3546 /* JetBrainsMono-ExtraLightItalic.ttf */,
				148FC7AC2B440137007E3546 /* JetBrainsMonoNL-ExtraLight.ttf */,
				148FC7AD2B440137007E3546 /* JetBrainsMonoNL-MediumItalic.ttf */,
				148FC7AE2B440137007E3546 /* JetBrainsMonoNL-ThinItalic.ttf */,
				148FC7AF2B440137007E3546 /* JetBrainsMonoNL-Light.ttf */,
				148FC7B02B440137007E3546 /* JetBrainsMonoNL-Italic.ttf */,
				148FC7B12B440137007E3546 /* JetBrainsMonoNL-BoldItalic.ttf */,
				148FC7B22B440137007E3546 /* JetBrainsMonoNL-SemiBold.ttf */,
				148FC7B32B440137007E3546 /* JetBrainsMono-SemiBoldItalic.ttf */,
				148FC7B42B440137007E3546 /* JetBrainsMonoNL-LightItalic.ttf */,
				148FC7B52B440137007E3546 /* JetBrainsMono-Light.ttf */,
				148FC7B62B440137007E3546 /* JetBrainsMono-MediumItalic.ttf */,
				148FC7B72B440137007E3546 /* JetBrainsMono-ExtraBold.ttf */,
				148FC7B82B440137007E3546 /* JetBrainsMono-SemiBold.ttf */,
				148FC7B92B440137007E3546 /* JetBrainsMonoNL-Regular.ttf */,
				148FC7BA2B440137007E3546 /* JetBrainsMonoNL-Medium.ttf */,
				148FC7BB2B440137007E3546 /* JetBrainsMonoNL-Thin.ttf */,
				148FC7BC2B440137007E3546 /* JetBrainsMonoNL-SemiBoldItalic.ttf */,
				148FC7BD2B440137007E3546 /* JetBrainsMonoNL-ExtraBoldItalic.ttf */,
				148FC7BE2B440137007E3546 /* JetBrainsMono-ExtraBoldItalic.ttf */,
				148FC7BF2B440137007E3546 /* JetBrainsMono-ThinItalic.ttf */,
				148FC7C02B440137007E3546 /* JetBrainsMonoNL-ExtraBold.ttf */,
				148FC7C12B440137007E3546 /* JetBrainsMono-ExtraLight.ttf */,
				148FC7C22B440137007E3546 /* JetBrainsMono-Medium.ttf */,
				148FC7C32B440137007E3546 /* JetBrainsMono-BoldItalic.ttf */,
				148FC7C42B440137007E3546 /* JetBrainsMonoNL-Bold.ttf */,
			);
			path = ttf;
			sourceTree = "<group>";
		};
		149876192BDD1F9A001CE1C5 /* ReplyToDisplay */ = {
			isa = PBXGroup;
			children = (
				149876172BDD1EA7001CE1C5 /* ReplyToDisplayView.swift */,
				1498761C2BDD202C001CE1C5 /* ReplyToDisplayExtensions.swift */,
			);
			path = ReplyToDisplay;
			sourceTree = "<group>";
		};
		1498761A2BDD1FB1001CE1C5 /* MessageScroll */ = {
			isa = PBXGroup;
			children = (
				1498761B2BDD1FD1001CE1C5 /* Children */,
				140DE71A2BDBD67300B59A25 /* MessageScrollViewExtensions.swift */,
				140DE71C2BDBD73B00B59A25 /* MessageScrollView.swift */,
			);
			path = MessageScroll;
			sourceTree = "<group>";
		};
		1498761B2BDD1FD1001CE1C5 /* Children */ = {
			isa = PBXGroup;
			children = (
				140DE7182BDBD13D00B59A25 /* MessageView.swift */,
			);
			path = Children;
			sourceTree = "<group>";
		};
		14BD72682B4A37CC00334D69 /* Localization */ = {
			isa = PBXGroup;
			children = (
				140DE73C2BDC1B3800B59A25 /* Localizable.xcstrings */,
			);
			path = Localization;
			sourceTree = "<group>";
		};
		14BE37F12BDBB2CC0078D49B /* ChatItems */ = {
			isa = PBXGroup;
			children = (
				A62B05A72BE7B10200A0C399 /* Sticker */,
				A62B05A62BE7B0EF00A0C399 /* Bubble */,
			);
			path = ChatItems;
			sourceTree = "<group>";
		};
		14BE37F22BDBB2DC0078D49B /* Children */ = {
			isa = PBXGroup;
			children = (
				140936BC2BDDC919009F667B /* Reply */,
				146F74F52BD9087F00E0C10B /* BubbleTimeDisplayView.swift */,
				14CB69F42BD2F64B00516D28 /* LinkStringDisplay.swift */,
				14CB69FA2BD2FC4E00516D28 /* MessageTextView.swift */,
				14CB6A002BD302D700516D28 /* ReactionDisplayView.swift */,
				146F74F32BD9075900E0C10B /* BubbleContextMenu.swift */,
				14CB69EC2BD2F08800516D28 /* LinkView.swift */,
			);
			path = Children;
			sourceTree = "<group>";
		};
		14BE37F32BDBB5940078D49B /* Chat */ = {
			isa = PBXGroup;
			children = (
				140DE7172BDBD12900B59A25 /* Children */,
				140DE73E2BDC26E700B59A25 /* ChatViewFunctions.swift */,
				14BE37FF2BDBBB150078D49B /* ChatView.swift */,
			);
			path = Chat;
			sourceTree = "<group>";
		};
		14BE37F62BDBB93E0078D49B /* SafeAreaInsets */ = {
			isa = PBXGroup;
			children = (
				14BE37F72BDBB97A0078D49B /* UIApplicationExtension.swift */,
				14BE37F92BDBB9C00078D49B /* SafeAreaInsetsKey.swift */,
				14BE37FB2BDBBA3E0078D49B /* UIEdgeInsetsExtension.swift */,
				14BE37FD2BDBBA600078D49B /* EnvironmentValuesExtension.swift */,
			);
			path = SafeAreaInsets;
			sourceTree = "<group>";
		};
		14CB69E92BD2ED8200516D28 /* Utils */ = {
			isa = PBXGroup;
			children = (
				A6A3CD9D2C1932B7002ACCD6 /* UIDeviceExtension.swift */,
				14BE37F62BDBB93E0078D49B /* SafeAreaInsets */,
				14CB69E82BD2ED8200516D28 /* DateHandler.swift */,
				14CB69FC2BD2FF7A00516D28 /* ReactionInfluencedProtocol.swift */,
				A6A3CD8E2C191730002ACCD6 /* NavigationControllerExtension.swift */,
				14CB69FE2BD3011000516D28 /* ReactionFunctions.swift */,
				14F35B6E2BD66EAF00D41949 /* IntExtensions.swift */,
				14F35B722BD6712800D41949 /* CredentialHandler.swift */,
				1498763A2BDD7215001CE1C5 /* DateExtensions.swift */,
				147881392BDE962E009EE6B0 /* StringFormatterProtocol.swift */,
				1478813B2BDE96BA009EE6B0 /* StringFormatterCollection.swift */,
				1478813D2BDE99B6009EE6B0 /* StringFormats.swift */,
				A62B05B82BE7C76C00A0C399 /* FileHandler.swift */,
				A61448AF2BE80BA0002CE0E9 /* GIFImage.swift */,
				A61448B12BE828F6002CE0E9 /* TimeTogglerProtocol.swift */,
				A61448B32BE829E8002CE0E9 /* TimeTogglerFunctions.swift */,
			);
			path = Utils;
			sourceTree = "<group>";
		};
		14DC8B362B4AE5A3009ED309 /* View */ = {
			isa = PBXGroup;
			children = (
				A6D738D82BFF79D0002A4AD8 /* WindowControlElements */,
				A6BF8C522BE56C1A00D1C471 /* Commands */,
				14BE37F32BDBB5940078D49B /* Chat */,
				14BE37F12BDBB2CC0078D49B /* ChatItems */,
				14CB69F82BD2FB1400516D28 /* ViewExtensions.swift */,
				144F38F82BD848DB00770A79 /* TextExtensions.swift */,
				149876152BDD1B7E001CE1C5 /* RoundedRectangleExtensions.swift */,
				A6BF8C552BE56D9A00D1C471 /* ImageExtensions.swift */,
				A62B05B32BE7BCA800A0C399 /* GIFView.swift */,
			);
			path = View;
			sourceTree = "<group>";
		};
		14E018082B4CB26500A6E379 /* Model */ = {
			isa = PBXGroup;
			children = (
				A67C33282C17384B00594120 /* Sticker */,
				A67C33272C17380D00594120 /* Message */,
				14CB69D72BD2EC7F00516D28 /* DictionaryExtension.swift */,
				14CB69DF2BD2ED4C00516D28 /* URLRepresentable.swift */,
				14E0180B2B4CB32500A6E379 /* Chat.swift */,
				14F35B772BD6A33F00D41949 /* Credentials.swift */,
				1498761E2BDD20E3001CE1C5 /* Contact.swift */,
				A6BF8C572BE56DDB00D1C471 /* CommandImageSize.swift */,
			);
			path = Model;
			sourceTree = "<group>";
		};
		A62B05A62BE7B0EF00A0C399 /* Bubble */ = {
			isa = PBXGroup;
			children = (
				14BE37F22BDBB2DC0078D49B /* Children */,
				14CB69E72BD2ED8200516D28 /* BubbleFunctions.swift */,
				14CB69E52BD2ED6600516D28 /* Bubble.swift */,
			);
			path = Bubble;
			sourceTree = "<group>";
		};
		A62B05A72BE7B10200A0C399 /* Sticker */ = {
			isa = PBXGroup;
			children = (
				A62B05B02BE7B5AE00A0C399 /* Children */,
				A62B05A82BE7B11D00A0C399 /* StickerView.swift */,
				A61448B52BE82D3A002CE0E9 /* StickerFunctions.swift */,
			);
			path = Sticker;
			sourceTree = "<group>";
		};
		A62B05B02BE7B5AE00A0C399 /* Children */ = {
			isa = PBXGroup;
			children = (
				A62B05B12BE7B5BA00A0C399 /* StickerImageView.swift */,
				A61448A92BE80091002CE0E9 /* StickerImageViewExtension.swift */,
			);
			path = Children;
			sourceTree = "<group>";
		};
		A62B05B72BE7BF6B00A0C399 /* Reccources */ = {
			isa = PBXGroup;
			children = (
				A62B05B52BE7BF4A00A0C399 /* 69f9a9524a902c8fc8635787ab5c65ce21e843d96f8bc52cdf7fd20b7fc5006b.gif */,
			);
			path = Reccources;
			sourceTree = "<group>";
		};
		A67C33272C17380D00594120 /* Message */ = {
			isa = PBXGroup;
			children = (
				140936B82BDDB3CF009F667B /* Message.swift */,
				A62B05AE2BE7B4DA00A0C399 /* MessageBindingExtension.swift */,
				A62B05AC2BE7B27900A0C399 /* MessageType.swift */,
				14CB69D52BD2EC7900516D28 /* Attachment.swift */,
				A62B05AA2BE7B22C00A0C399 /* MessageExtensions.swift */,
				14CB69D92BD2EC9000516D28 /* FormattedChar.swift */,
				14CB69DD2BD2ECAB00516D28 /* Reply.swift */,
				14CB69E12BD2ED5700516D28 /* Reaction.swift */,
			);
			path = Message;
			sourceTree = "<group>";
		};
		A67C33282C17384B00594120 /* Sticker */ = {
			isa = PBXGroup;
			children = (
				A67C33292C17386900594120 /* StickerCollection.swift */,
				A67C332B2C17399B00594120 /* Sticker.swift */,
			);
			path = Sticker;
			sourceTree = "<group>";
		};
		A6A3CD932C191870002ACCD6 /* TopBar */ = {
			isa = PBXGroup;
			children = (
				A6A3CD942C192549002ACCD6 /* Children */,
				A6A3CD902C191844002ACCD6 /* ChatTopBar.swift */,
			);
			path = TopBar;
			sourceTree = "<group>";
		};
		A6A3CD942C192549002ACCD6 /* Children */ = {
			isa = PBXGroup;
			children = (
				A6A3CD982C19270A002ACCD6 /* TopBarButtonView */,
				A6A3CD952C192551002ACCD6 /* CallButtonsView */,
			);
			path = Children;
			sourceTree = "<group>";
		};
		A6A3CD952C192551002ACCD6 /* CallButtonsView */ = {
			isa = PBXGroup;
			children = (
				A6A3CD962C19255E002ACCD6 /* CallButtonsView.swift */,
			);
			path = CallButtonsView;
			sourceTree = "<group>";
		};
		A6A3CD982C19270A002ACCD6 /* TopBarButtonView */ = {
			isa = PBXGroup;
			children = (
				A6A3CD9B2C1927BA002ACCD6 /* TopBarButtonView.swift */,
				A6A3CD992C19271F002ACCD6 /* IOSTopBarButtonView.swift */,
			);
			path = TopBarButtonView;
			sourceTree = "<group>";
		};
		A6BF8C522BE56C1A00D1C471 /* Commands */ = {
			isa = PBXGroup;
			children = (
				A6BF8C842BE5811100D1C471 /* List */,
				A6BF8C832BE580E100D1C471 /* Detail */,
			);
			path = Commands;
			sourceTree = "<group>";
		};
		A6BF8C832BE580E100D1C471 /* Detail */ = {
			isa = PBXGroup;
			children = (
				A6BF8C7F2BE579C800D1C471 /* CommandDetailViewFunctions.swift */,
				A6BF8C812BE580BD00D1C471 /* CommandParamBackgroundState.swift */,
				A6BF8C592BE56FF500D1C471 /* CommandParamView.swift */,
				A6BF8C532BE56C3000D1C471 /* CommandDetailView.swift */,
			);
			path = Detail;
			sourceTree = "<group>";
		};
		A6BF8C842BE5811100D1C471 /* List */ = {
			isa = PBXGroup;
			children = (
				A6BF8C922BE5876F00D1C471 /* OwnerOverlay */,
				A6BF8C852BE5811F00D1C471 /* CommandList.swift */,
				A6BF8C8E2BE5856100D1C471 /* CommandPreview.swift */,
			);
			path = List;
			sourceTree = "<group>";
		};
		A6BF8C892BE581B000D1C471 /* Commands */ = {
			isa = PBXGroup;
			children = (
				A6BF8C8A2BE581BD00D1C471 /* Bababa.swift */,
				A6BF8C8C2BE5851200D1C471 /* Tableflip.swift */,
				A6BF8C952BE59D1200D1C471 /* Unflip.swift */,
			);
			path = Commands;
			sourceTree = "<group>";
		};
		A6BF8C922BE5876F00D1C471 /* OwnerOverlay */ = {
			isa = PBXGroup;
			children = (
				A6BF8C902BE585DF00D1C471 /* CommandOwnerOverlayView.swift */,
			);
			path = OwnerOverlay;
			sourceTree = "<group>";
		};
		A6D738D82BFF79D0002A4AD8 /* WindowControlElements */ = {
			isa = PBXGroup;
			children = (
				A6D738D92BFF7A0C002A4AD8 /* CloseOnly.swift */,
			);
			path = WindowControlElements;
			sourceTree = "<group>";
		};
/* End PBXGroup section */

/* Begin PBXNativeTarget section */
		14469B4B2B40937300835BFC /* MessengerBeta */ = {
			isa = PBXNativeTarget;
			buildConfigurationList = 14469B5C2B40937500835BFC /* Build configuration list for PBXNativeTarget "MessengerBeta" */;
			buildPhases = (
				14469B482B40937300835BFC /* Sources */,
				14469B492B40937300835BFC /* Frameworks */,
				14469B4A2B40937300835BFC /* Resources */,
			);
			buildRules = (
			);
			dependencies = (
			);
			name = MessengerBeta;
			packageProductDependencies = (
				14F35B752BD6A26500D41949 /* KeychainAccess */,
				A68C6FC82BE2D38B00967243 /* SlashCommands */,
				A62B05A42BE7AF0E00A0C399 /* SwiftChameleon */,
			);
			productName = MessengerBeta;
			productReference = 14469B4C2B40937300835BFC /* MessengerBeta.app */;
			productType = "com.apple.product-type.application";
		};
/* End PBXNativeTarget section */

/* Begin PBXProject section */
		14469B442B40937300835BFC /* Project object */ = {
			isa = PBXProject;
			attributes = {
				BuildIndependentTargetsInParallel = 1;
				LastSwiftUpdateCheck = 1500;
				LastUpgradeCheck = 1530;
				TargetAttributes = {
					14469B4B2B40937300835BFC = {
						CreatedOnToolsVersion = 15.0.1;
					};
				};
			};
			buildConfigurationList = 14469B472B40937300835BFC /* Build configuration list for PBXProject "MessengerBeta" */;
			compatibilityVersion = "Xcode 14.0";
			developmentRegion = en;
			hasScannedForEncodings = 0;
			knownRegions = (
				en,
				de,
				Base,
			);
			mainGroup = 14469B432B40937300835BFC;
			packageReferences = (
				14F35B742BD6A26500D41949 /* XCRemoteSwiftPackageReference "KeychainAccess" */,
				A68C6FC72BE2D38B00967243 /* XCRemoteSwiftPackageReference "SlashCommands" */,
				A62B05A32BE7AF0E00A0C399 /* XCRemoteSwiftPackageReference "SwiftChameleon" */,
			);
			productRefGroup = 14469B4D2B40937300835BFC /* Products */;
			projectDirPath = "";
			projectRoot = "";
			targets = (
				14469B4B2B40937300835BFC /* MessengerBeta */,
			);
		};
/* End PBXProject section */

/* Begin PBXResourcesBuildPhase section */
		14469B4A2B40937300835BFC /* Resources */ = {
			isa = PBXResourcesBuildPhase;
			buildActionMask = 2147483647;
			files = (
				148FC7C92B4401FD007E3546 /* JetBrainsMono-Thin.ttf in Resources */,
				148FC7C52B44016C007E3546 /* JetBrainsMono-Bold.ttf in Resources */,
				140DE73D2BDC1B3800B59A25 /* Localizable.xcstrings in Resources */,
				148FC7C62B44016C007E3546 /* JetBrainsMono-Italic.ttf in Resources */,
				A62B05B62BE7BF4A00A0C399 /* 69f9a9524a902c8fc8635787ab5c65ce21e843d96f8bc52cdf7fd20b7fc5006b.gif in Resources */,
				148FC7C72B44016C007E3546 /* JetBrainsMono-Regular.ttf in Resources */,
				148FC7C82B44016C007E3546 /* JetBrainsMonoNL-BoldItalic.ttf in Resources */,
				14469B562B40937500835BFC /* Assets.xcassets in Resources */,
			);
			runOnlyForDeploymentPostprocessing = 0;
		};
/* End PBXResourcesBuildPhase section */

/* Begin PBXSourcesBuildPhase section */
		14469B482B40937300835BFC /* Sources */ = {
			isa = PBXSourcesBuildPhase;
			buildActionMask = 2147483647;
			files = (
				A6BF8C912BE585DF00D1C471 /* CommandOwnerOverlayView.swift in Sources */,
				A6A3CD8F2C191746002ACCD6 /* NavigationControllerExtension.swift in Sources */,
				14CB69E02BD2ED4C00516D28 /* URLRepresentable.swift in Sources */,
				14CB69FD2BD2FF7A00516D28 /* ReactionInfluencedProtocol.swift in Sources */,
				14F35B782BD6A33F00D41949 /* Credentials.swift in Sources */,
				A6BF8C822BE580BD00D1C471 /* CommandParamBackgroundState.swift in Sources */,
				14F35B732BD6712800D41949 /* CredentialHandler.swift in Sources */,
				14CB69DE2BD2ECAB00516D28 /* Reply.swift in Sources */,
				14BE37FC2BDBBA3E0078D49B /* UIEdgeInsetsExtension.swift in Sources */,
				14BE37F82BDBB97A0078D49B /* UIApplicationExtension.swift in Sources */,
				A62B05B92BE7C76C00A0C399 /* FileHandler.swift in Sources */,
				146F74F42BD9075900E0C10B /* BubbleContextMenu.swift in Sources */,
				A6A3CD9A2C192725002ACCD6 /* IOSTopBarButtonView.swift in Sources */,
				14CB69DA2BD2EC9000516D28 /* FormattedChar.swift in Sources */,
				140DE7192BDBD13D00B59A25 /* MessageView.swift in Sources */,
				146F74F62BD9087F00E0C10B /* BubbleTimeDisplayView.swift in Sources */,
				A61448B62BE82D3A002CE0E9 /* StickerFunctions.swift in Sources */,
				144F38F92BD848DB00770A79 /* TextExtensions.swift in Sources */,
				14CB69EA2BD2ED8200516D28 /* BubbleFunctions.swift in Sources */,
				A6BF8C8D2BE5851200D1C471 /* Tableflip.swift in Sources */,
				A6A3CD9E2C1932B8002ACCD6 /* UIDeviceExtension.swift in Sources */,
				A62B05A92BE7B11D00A0C399 /* StickerView.swift in Sources */,
				149876182BDD1EA7001CE1C5 /* ReplyToDisplayView.swift in Sources */,
				A6A3CD9C2C1927C2002ACCD6 /* TopBarButtonView.swift in Sources */,
				14E0180C2B4CB32500A6E379 /* Chat.swift in Sources */,
				1498761D2BDD202C001CE1C5 /* ReplyToDisplayExtensions.swift in Sources */,
				A6BF8C962BE59D1200D1C471 /* Unflip.swift in Sources */,
				A6BF8C802BE579C800D1C471 /* CommandDetailViewFunctions.swift in Sources */,
				1478813E2BDE99B6009EE6B0 /* StringFormats.swift in Sources */,
				14CB69D82BD2EC7F00516D28 /* DictionaryExtension.swift in Sources */,
				A6BF8C5A2BE56FF500D1C471 /* CommandParamView.swift in Sources */,
				149876162BDD1B7E001CE1C5 /* RoundedRectangleExtensions.swift in Sources */,
				1478813A2BDE962E009EE6B0 /* StringFormatterProtocol.swift in Sources */,
				A6BF8C8F2BE5856100D1C471 /* CommandPreview.swift in Sources */,
				A67C332C2C17399B00594120 /* Sticker.swift in Sources */,
				14CB69FB2BD2FC4E00516D28 /* MessageTextView.swift in Sources */,
				14CB69E42BD2ED6000516D28 /* AnswerDisplayView.swift in Sources */,
				14F35B6F2BD66EAF00D41949 /* IntExtensions.swift in Sources */,
				A61448B42BE829E8002CE0E9 /* TimeTogglerFunctions.swift in Sources */,
				14CB69D62BD2EC7900516D28 /* Attachment.swift in Sources */,
				A6A3CD912C191844002ACCD6 /* ChatTopBar.swift in Sources */,
				14CB69E62BD2ED6600516D28 /* Bubble.swift in Sources */,
				14CB6A012BD302D700516D28 /* ReactionDisplayView.swift in Sources */,
				14CB69E22BD2ED5800516D28 /* Reaction.swift in Sources */,
				A6BF8C8B2BE581BD00D1C471 /* Bababa.swift in Sources */,
				14BE37FA2BDBB9C00078D49B /* SafeAreaInsetsKey.swift in Sources */,
				140936B92BDDB3CF009F667B /* Message.swift in Sources */,
				A62B05AD2BE7B27900A0C399 /* MessageType.swift in Sources */,
				1498763B2BDD7215001CE1C5 /* DateExtensions.swift in Sources */,
				A62B05AB2BE7B22C00A0C399 /* MessageExtensions.swift in Sources */,
				14CB69F32BD2F42300516D28 /* MatchWidthView.swift in Sources */,
				A6A3CD972C192563002ACCD6 /* CallButtonsView.swift in Sources */,
				A6BF8C562BE56D9A00D1C471 /* ImageExtensions.swift in Sources */,
				14CB69EB2BD2ED8200516D28 /* DateHandler.swift in Sources */,
				140DE71D2BDBD73B00B59A25 /* MessageScrollView.swift in Sources */,
				A62B05AF2BE7B4DA00A0C399 /* MessageBindingExtension.swift in Sources */,
				14CB69F92BD2FB1400516D28 /* ViewExtensions.swift in Sources */,
				A6BF8C862BE5811F00D1C471 /* CommandList.swift in Sources */,
				14BE38002BDBBB150078D49B /* ChatView.swift in Sources */,
				14469B502B40937300835BFC /* BasedChatApp.swift in Sources */,
				144D31B02BDD7E3B00D1427F /* ChatInputViewFunctions.swift in Sources */,
				14BE37FE2BDBBA600078D49B /* EnvironmentValuesExtension.swift in Sources */,
				1498761F2BDD20E3001CE1C5 /* Contact.swift in Sources */,
				A62B05B42BE7BCA800A0C399 /* GIFView.swift in Sources */,
				144D31AE2BDD7DD400D1427F /* ChatInputView.swift in Sources */,
				A61448AA2BE80091002CE0E9 /* StickerImageViewExtension.swift in Sources */,
				14CB69F52BD2F64B00516D28 /* LinkStringDisplay.swift in Sources */,
				A67C332A2C17386900594120 /* StickerCollection.swift in Sources */,
				140DE7422BDC31A200B59A25 /* ReactionSheetView.swift in Sources */,
				140DE71B2BDBD67300B59A25 /* MessageScrollViewExtensions.swift in Sources */,
				14CB69ED2BD2F08800516D28 /* LinkView.swift in Sources */,
				A6BF8C542BE56C3000D1C471 /* CommandDetailView.swift in Sources */,
				A62B05B22BE7B5BA00A0C399 /* StickerImageView.swift in Sources */,
				14CB69FF2BD3011000516D28 /* ReactionFunctions.swift in Sources */,
				140DD9B72B42EE0F00302447 /* Music.swift in Sources */,
				A61448B02BE80BA0002CE0E9 /* GIFImage.swift in Sources */,
				A6BF8C582BE56DDB00D1C471 /* CommandImageSize.swift in Sources */,
				A61448B22BE828F6002CE0E9 /* TimeTogglerProtocol.swift in Sources */,
				140DE73F2BDC26E700B59A25 /* ChatViewFunctions.swift in Sources */,
				144D31B22BDD806D00D1427F /* TextFieldExtensions.swift in Sources */,
				14CB69F72BD2F9EB00516D28 /* ReplyView.swift in Sources */,
				A6D738DA2BFF7A0C002A4AD8 /* CloseOnly.swift in Sources */,
				1478813C2BDE96BA009EE6B0 /* StringFormatterCollection.swift in Sources */,
			);
			runOnlyForDeploymentPostprocessing = 0;
		};
/* End PBXSourcesBuildPhase section */

/* Begin XCBuildConfiguration section */
		14469B5A2B40937500835BFC /* Debug */ = {
			isa = XCBuildConfiguration;
			buildSettings = {
				ALWAYS_SEARCH_USER_PATHS = NO;
				ASSETCATALOG_COMPILER_GENERATE_SWIFT_ASSET_SYMBOL_EXTENSIONS = YES;
				CLANG_ANALYZER_LOCALIZABILITY_NONLOCALIZED = YES;
				CLANG_ANALYZER_NONNULL = YES;
				CLANG_ANALYZER_NUMBER_OBJECT_CONVERSION = YES_AGGRESSIVE;
				CLANG_CXX_LANGUAGE_STANDARD = "gnu++20";
				CLANG_ENABLE_MODULES = YES;
				CLANG_ENABLE_OBJC_ARC = YES;
				CLANG_ENABLE_OBJC_WEAK = YES;
				CLANG_WARN_BLOCK_CAPTURE_AUTORELEASING = YES;
				CLANG_WARN_BOOL_CONVERSION = YES;
				CLANG_WARN_COMMA = YES;
				CLANG_WARN_CONSTANT_CONVERSION = YES;
				CLANG_WARN_DEPRECATED_OBJC_IMPLEMENTATIONS = YES;
				CLANG_WARN_DIRECT_OBJC_ISA_USAGE = YES_ERROR;
				CLANG_WARN_DOCUMENTATION_COMMENTS = YES;
				CLANG_WARN_EMPTY_BODY = YES;
				CLANG_WARN_ENUM_CONVERSION = YES;
				CLANG_WARN_INFINITE_RECURSION = YES;
				CLANG_WARN_INT_CONVERSION = YES;
				CLANG_WARN_NON_LITERAL_NULL_CONVERSION = YES;
				CLANG_WARN_OBJC_IMPLICIT_RETAIN_SELF = YES;
				CLANG_WARN_OBJC_LITERAL_CONVERSION = YES;
				CLANG_WARN_OBJC_ROOT_CLASS = YES_ERROR;
				CLANG_WARN_QUOTED_INCLUDE_IN_FRAMEWORK_HEADER = YES;
				CLANG_WARN_RANGE_LOOP_ANALYSIS = YES;
				CLANG_WARN_STRICT_PROTOTYPES = YES;
				CLANG_WARN_SUSPICIOUS_MOVE = YES;
				CLANG_WARN_UNGUARDED_AVAILABILITY = YES_AGGRESSIVE;
				CLANG_WARN_UNREACHABLE_CODE = YES;
				CLANG_WARN__DUPLICATE_METHOD_MATCH = YES;
				COPY_PHASE_STRIP = NO;
				DEBUG_INFORMATION_FORMAT = dwarf;
				ENABLE_STRICT_OBJC_MSGSEND = YES;
				ENABLE_TESTABILITY = YES;
				ENABLE_USER_SCRIPT_SANDBOXING = YES;
				GCC_C_LANGUAGE_STANDARD = gnu17;
				GCC_DYNAMIC_NO_PIC = NO;
				GCC_NO_COMMON_BLOCKS = YES;
				GCC_OPTIMIZATION_LEVEL = 0;
				GCC_PREPROCESSOR_DEFINITIONS = (
					"DEBUG=1",
					"$(inherited)",
				);
				GCC_WARN_64_TO_32_BIT_CONVERSION = YES;
				GCC_WARN_ABOUT_RETURN_TYPE = YES_ERROR;
				GCC_WARN_UNDECLARED_SELECTOR = YES;
				GCC_WARN_UNINITIALIZED_AUTOS = YES_AGGRESSIVE;
				GCC_WARN_UNUSED_FUNCTION = YES;
				GCC_WARN_UNUSED_VARIABLE = YES;
				INFOPLIST_KEY_UIRequiresFullScreen = NO;
				IPHONEOS_DEPLOYMENT_TARGET = 17.0;
				LOCALIZATION_PREFERS_STRING_CATALOGS = YES;
				MTL_ENABLE_DEBUG_INFO = INCLUDE_SOURCE;
				MTL_FAST_MATH = YES;
				ONLY_ACTIVE_ARCH = YES;
				SDKROOT = iphoneos;
				SWIFT_ACTIVE_COMPILATION_CONDITIONS = "DEBUG $(inherited)";
				SWIFT_OPTIMIZATION_LEVEL = "-Onone";
				SWIFT_UPCOMING_FEATURE_GLOBAL_CONCURRENCY = YES;
				SWIFT_VERSION = 6.0;
				_EXPERIMENTAL_SWIFT_EXPLICIT_MODULES = YES;
			};
			name = Debug;
		};
		14469B5B2B40937500835BFC /* Release */ = {
			isa = XCBuildConfiguration;
			buildSettings = {
				ALWAYS_SEARCH_USER_PATHS = NO;
				ASSETCATALOG_COMPILER_GENERATE_SWIFT_ASSET_SYMBOL_EXTENSIONS = YES;
				CLANG_ANALYZER_LOCALIZABILITY_NONLOCALIZED = YES;
				CLANG_ANALYZER_NONNULL = YES;
				CLANG_ANALYZER_NUMBER_OBJECT_CONVERSION = YES_AGGRESSIVE;
				CLANG_CXX_LANGUAGE_STANDARD = "gnu++20";
				CLANG_ENABLE_MODULES = YES;
				CLANG_ENABLE_OBJC_ARC = YES;
				CLANG_ENABLE_OBJC_WEAK = YES;
				CLANG_WARN_BLOCK_CAPTURE_AUTORELEASING = YES;
				CLANG_WARN_BOOL_CONVERSION = YES;
				CLANG_WARN_COMMA = YES;
				CLANG_WARN_CONSTANT_CONVERSION = YES;
				CLANG_WARN_DEPRECATED_OBJC_IMPLEMENTATIONS = YES;
				CLANG_WARN_DIRECT_OBJC_ISA_USAGE = YES_ERROR;
				CLANG_WARN_DOCUMENTATION_COMMENTS = YES;
				CLANG_WARN_EMPTY_BODY = YES;
				CLANG_WARN_ENUM_CONVERSION = YES;
				CLANG_WARN_INFINITE_RECURSION = YES;
				CLANG_WARN_INT_CONVERSION = YES;
				CLANG_WARN_NON_LITERAL_NULL_CONVERSION = YES;
				CLANG_WARN_OBJC_IMPLICIT_RETAIN_SELF = YES;
				CLANG_WARN_OBJC_LITERAL_CONVERSION = YES;
				CLANG_WARN_OBJC_ROOT_CLASS = YES_ERROR;
				CLANG_WARN_QUOTED_INCLUDE_IN_FRAMEWORK_HEADER = YES;
				CLANG_WARN_RANGE_LOOP_ANALYSIS = YES;
				CLANG_WARN_STRICT_PROTOTYPES = YES;
				CLANG_WARN_SUSPICIOUS_MOVE = YES;
				CLANG_WARN_UNGUARDED_AVAILABILITY = YES_AGGRESSIVE;
				CLANG_WARN_UNREACHABLE_CODE = YES;
				CLANG_WARN__DUPLICATE_METHOD_MATCH = YES;
				COPY_PHASE_STRIP = NO;
				DEBUG_INFORMATION_FORMAT = "dwarf-with-dsym";
				ENABLE_NS_ASSERTIONS = NO;
				ENABLE_STRICT_OBJC_MSGSEND = YES;
				ENABLE_USER_SCRIPT_SANDBOXING = YES;
				GCC_C_LANGUAGE_STANDARD = gnu17;
				GCC_NO_COMMON_BLOCKS = YES;
				GCC_WARN_64_TO_32_BIT_CONVERSION = YES;
				GCC_WARN_ABOUT_RETURN_TYPE = YES_ERROR;
				GCC_WARN_UNDECLARED_SELECTOR = YES;
				GCC_WARN_UNINITIALIZED_AUTOS = YES_AGGRESSIVE;
				GCC_WARN_UNUSED_FUNCTION = YES;
				GCC_WARN_UNUSED_VARIABLE = YES;
				INFOPLIST_KEY_UIRequiresFullScreen = NO;
				IPHONEOS_DEPLOYMENT_TARGET = 17.0;
				LOCALIZATION_PREFERS_STRING_CATALOGS = YES;
				MTL_ENABLE_DEBUG_INFO = NO;
				MTL_FAST_MATH = YES;
				SDKROOT = iphoneos;
				SWIFT_COMPILATION_MODE = wholemodule;
				SWIFT_UPCOMING_FEATURE_GLOBAL_CONCURRENCY = YES;
				SWIFT_VERSION = 6.0;
				VALIDATE_PRODUCT = YES;
				_EXPERIMENTAL_SWIFT_EXPLICIT_MODULES = YES;
			};
			name = Release;
		};
		14469B5D2B40937500835BFC /* Debug */ = {
			isa = XCBuildConfiguration;
			buildSettings = {
				ASSETCATALOG_COMPILER_APPICON_NAME = AppIcon;
				ASSETCATALOG_COMPILER_GLOBAL_ACCENT_COLOR_NAME = AccentColor;
				CODE_SIGN_STYLE = Automatic;
				CURRENT_PROJECT_VERSION = 1;
				DEVELOPMENT_ASSET_PATHS = "\"MessengerBeta/Assets.xcassets\"";
				DEVELOPMENT_TEAM = 68YWPYV749;
				ENABLE_PREVIEWS = YES;
				GENERATE_INFOPLIST_FILE = YES;
				INFOPLIST_FILE = MessengerBeta/Info.plist;
				INFOPLIST_KEY_CFBundleDisplayName = BasedChat;
				INFOPLIST_KEY_LSApplicationCategoryType = "public.app-category.social-networking";
				INFOPLIST_KEY_NSAppleMusicUsageDescription = "To controll music played by other apps inside the messenger";
				INFOPLIST_KEY_UIApplicationSceneManifest_Generation = YES;
				INFOPLIST_KEY_UIApplicationSupportsIndirectInputEvents = YES;
				INFOPLIST_KEY_UILaunchScreen_Generation = YES;
				INFOPLIST_KEY_UIRequiresFullScreen = NO;
				INFOPLIST_KEY_UISupportedInterfaceOrientations = UIInterfaceOrientationPortrait;
				INFOPLIST_KEY_UISupportedInterfaceOrientations_iPad = "UIInterfaceOrientationLandscapeLeft UIInterfaceOrientationLandscapeRight UIInterfaceOrientationPortrait UIInterfaceOrientationPortraitUpsideDown";
				IPHONEOS_DEPLOYMENT_TARGET = 18.0;
				LD_RUNPATH_SEARCH_PATHS = (
					"$(inherited)",
					"@executable_path/Frameworks",
				);
				MACOSX_DEPLOYMENT_TARGET = 15.0;
				MARKETING_VERSION = 1.0;
				PRODUCT_BUNDLE_IDENTIFIER = de.touchthegrass.BasedChat;
				"PRODUCT_BUNDLE_IDENTIFIER[sdk=iphoneos*]" = de.touchthegrass.BasedChatIOS;
				PRODUCT_NAME = "$(TARGET_NAME)";
				SUPPORTED_PLATFORMS = "iphoneos iphonesimulator macosx";
				SUPPORTS_MACCATALYST = NO;
				SUPPORTS_MAC_DESIGNED_FOR_IPHONE_IPAD = NO;
				SUPPORTS_XR_DESIGNED_FOR_IPHONE_IPAD = NO;
				SWIFT_EMIT_LOC_STRINGS = YES;
				SWIFT_VERSION = 5.0;
				TARGETED_DEVICE_FAMILY = "1,2";
			};
			name = Debug;
		};
		14469B5E2B40937500835BFC /* Release */ = {
			isa = XCBuildConfiguration;
			buildSettings = {
				ASSETCATALOG_COMPILER_APPICON_NAME = AppIcon;
				ASSETCATALOG_COMPILER_GLOBAL_ACCENT_COLOR_NAME = AccentColor;
				CODE_SIGN_STYLE = Automatic;
				CURRENT_PROJECT_VERSION = 1;
				DEVELOPMENT_ASSET_PATHS = "\"MessengerBeta/Assets.xcassets\"";
				DEVELOPMENT_TEAM = 68YWPYV749;
				ENABLE_PREVIEWS = YES;
				GENERATE_INFOPLIST_FILE = YES;
				INFOPLIST_FILE = MessengerBeta/Info.plist;
				INFOPLIST_KEY_CFBundleDisplayName = BasedChat;
				INFOPLIST_KEY_LSApplicationCategoryType = "public.app-category.social-networking";
				INFOPLIST_KEY_NSAppleMusicUsageDescription = "To controll music played by other apps inside the messenger";
				INFOPLIST_KEY_UIApplicationSceneManifest_Generation = YES;
				INFOPLIST_KEY_UIApplicationSupportsIndirectInputEvents = YES;
				INFOPLIST_KEY_UILaunchScreen_Generation = YES;
				INFOPLIST_KEY_UIRequiresFullScreen = NO;
				INFOPLIST_KEY_UISupportedInterfaceOrientations = UIInterfaceOrientationPortrait;
				INFOPLIST_KEY_UISupportedInterfaceOrientations_iPad = "UIInterfaceOrientationLandscapeLeft UIInterfaceOrientationLandscapeRight UIInterfaceOrientationPortrait UIInterfaceOrientationPortraitUpsideDown";
				IPHONEOS_DEPLOYMENT_TARGET = 18.0;
				LD_RUNPATH_SEARCH_PATHS = (
					"$(inherited)",
					"@executable_path/Frameworks",
				);
				MACOSX_DEPLOYMENT_TARGET = 15.0;
				MARKETING_VERSION = 1.0;
				PRODUCT_BUNDLE_IDENTIFIER = de.touchthegrass.BasedChat;
				"PRODUCT_BUNDLE_IDENTIFIER[sdk=iphoneos*]" = de.touchthegrass.BasedChatIOS;
				PRODUCT_NAME = "$(TARGET_NAME)";
				SUPPORTED_PLATFORMS = "iphoneos iphonesimulator macosx";
				SUPPORTS_MACCATALYST = NO;
				SUPPORTS_MAC_DESIGNED_FOR_IPHONE_IPAD = NO;
				SUPPORTS_XR_DESIGNED_FOR_IPHONE_IPAD = NO;
				SWIFT_EMIT_LOC_STRINGS = YES;
				SWIFT_VERSION = 5.0;
				TARGETED_DEVICE_FAMILY = "1,2";
			};
			name = Release;
		};
/* End XCBuildConfiguration section */

/* Begin XCConfigurationList section */
		14469B472B40937300835BFC /* Build configuration list for PBXProject "MessengerBeta" */ = {
			isa = XCConfigurationList;
			buildConfigurations = (
				14469B5A2B40937500835BFC /* Debug */,
				14469B5B2B40937500835BFC /* Release */,
			);
			defaultConfigurationIsVisible = 0;
			defaultConfigurationName = Release;
		};
		14469B5C2B40937500835BFC /* Build configuration list for PBXNativeTarget "MessengerBeta" */ = {
			isa = XCConfigurationList;
			buildConfigurations = (
				14469B5D2B40937500835BFC /* Debug */,
				14469B5E2B40937500835BFC /* Release */,
			);
			defaultConfigurationIsVisible = 0;
			defaultConfigurationName = Release;
		};
/* End XCConfigurationList section */

/* Begin XCRemoteSwiftPackageReference section */
		14F35B742BD6A26500D41949 /* XCRemoteSwiftPackageReference "KeychainAccess" */ = {
			isa = XCRemoteSwiftPackageReference;
			repositoryURL = "https://github.com/kishikawakatsumi/KeychainAccess";
			requirement = {
				branch = master;
				kind = branch;
			};
		};
		A62B05A32BE7AF0E00A0C399 /* XCRemoteSwiftPackageReference "SwiftChameleon" */ = {
			isa = XCRemoteSwiftPackageReference;
			repositoryURL = "https://github.com/simon-zwicker/SwiftChameleon";
			requirement = {
				branch = main;
				kind = branch;
			};
		};
		A68C6FC72BE2D38B00967243 /* XCRemoteSwiftPackageReference "SlashCommands" */ = {
			isa = XCRemoteSwiftPackageReference;
			repositoryURL = "https://github.com/MiaKoring/SlashCommands.git";
			requirement = {
				branch = main;
				kind = branch;
			};
		};
/* End XCRemoteSwiftPackageReference section */

/* Begin XCSwiftPackageProductDependency section */
		14F35B752BD6A26500D41949 /* KeychainAccess */ = {
			isa = XCSwiftPackageProductDependency;
			package = 14F35B742BD6A26500D41949 /* XCRemoteSwiftPackageReference "KeychainAccess" */;
			productName = KeychainAccess;
		};
		A62B05A42BE7AF0E00A0C399 /* SwiftChameleon */ = {
			isa = XCSwiftPackageProductDependency;
			package = A62B05A32BE7AF0E00A0C399 /* XCRemoteSwiftPackageReference "SwiftChameleon" */;
			productName = SwiftChameleon;
		};
		A68C6FC82BE2D38B00967243 /* SlashCommands */ = {
			isa = XCSwiftPackageProductDependency;
			package = A68C6FC72BE2D38B00967243 /* XCRemoteSwiftPackageReference "SlashCommands" */;
			productName = SlashCommands;
		};
/* End XCSwiftPackageProductDependency section */
	};
	rootObject = 14469B442B40937300835BFC /* Project object */;
}
